
Microsoft Visual Studio Solution File, Format Version 12.00
# Visual Studio 15
VisualStudioVersion = 15.0.26730.15
MinimumVisualStudioVersion = 10.0.40219.1
Project("{F184B08F-C81C-45F6-A57F-5ABD9991F28F}") = "Studio.Vision.L.Exe", "Exe\Studio.Vision.L.Exe.vbproj", "{18335A03-E602-43BE-87C7-C3D2C9ED5193}"
EndProject
Project("{F184B08F-C81C-45F6-A57F-5ABD9991F28F}") = "Studio.Vision.Telko.Backend", "..\Studio.Vision.Telko.Backend\Studio.Vision.Telko.Backend.vbproj", "{06E6F9C2-33E5-40B5-8C9E-595C5C11937D}"
EndProject
Project("{F184B08F-C81C-45F6-A57F-5ABD9991F28F}") = "Studio.Vision.Telko.FrontEnd", "..\Studio.Vision.Telko.FrontEnd\Studio.Vision.Telko.FrontEnd.vbproj", "{172C1065-D89F-4C69-848A-848AD0136E90}"
EndProject
Project("{F184B08F-C81C-45F6-A57F-5ABD9991F28F}") = "Studio.Vision.Telko.Shared", "..\Studio.Vision.Telko.Shared\Studio.Vision.Telko.Shared.vbproj", "{2EF1E389-7958-4E96-89FC-0F7729FAE9FA}"
EndProject
Global
	GlobalSection(SolutionConfigurationPlatforms) = preSolution
		CD_ROM|Any CPU = CD_ROM|Any CPU
		CD_ROM|Itanium = CD_ROM|Itanium
		CD_ROM|Mixed Platforms = CD_ROM|Mixed Platforms
		CD_ROM|x64 = CD_ROM|x64
		CD_ROM|x86 = CD_ROM|x86
		Debug|Any CPU = Debug|Any CPU
		Debug|Itanium = Debug|Itanium
		Debug|Mixed Platforms = Debug|Mixed Platforms
		Debug|x64 = Debug|x64
		Debug|x86 = Debug|x86
		Release|Any CPU = Release|Any CPU
		Release|Itanium = Release|Itanium
		Release|Mixed Platforms = Release|Mixed Platforms
		Release|x64 = Release|x64
		Release|x86 = Release|x86
	EndGlobalSection
	GlobalSection(ProjectConfigurationPlatforms) = postSolution
		{18335A03-E602-43BE-87C7-C3D2C9ED5193}.CD_ROM|Any CPU.ActiveCfg = Release|x86
		{18335A03-E602-43BE-87C7-C3D2C9ED5193}.CD_ROM|Itanium.ActiveCfg = Release|x86
		{18335A03-E602-43BE-87C7-C3D2C9ED5193}.CD_ROM|Mixed Platforms.ActiveCfg = Release|x86
		{18335A03-E602-43BE-87C7-C3D2C9ED5193}.CD_ROM|Mixed Platforms.Build.0 = Release|x86
		{18335A03-E602-43BE-87C7-C3D2C9ED5193}.CD_ROM|x64.ActiveCfg = Debug|x86
		{18335A03-E602-43BE-87C7-C3D2C9ED5193}.CD_ROM|x86.ActiveCfg = Release|x86
		{18335A03-E602-43BE-87C7-C3D2C9ED5193}.CD_ROM|x86.Build.0 = Release|x86
		{18335A03-E602-43BE-87C7-C3D2C9ED5193}.Debug|Any CPU.ActiveCfg = Debug|Any CPU
		{18335A03-E602-43BE-87C7-C3D2C9ED5193}.Debug|Any CPU.Build.0 = Debug|Any CPU
		{18335A03-E602-43BE-87C7-C3D2C9ED5193}.Debug|Itanium.ActiveCfg = Debug|x86
		{18335A03-E602-43BE-87C7-C3D2C9ED5193}.Debug|Mixed Platforms.ActiveCfg = Debug|x86
		{18335A03-E602-43BE-87C7-C3D2C9ED5193}.Debug|Mixed Platforms.Build.0 = Debug|x86
		{18335A03-E602-43BE-87C7-C3D2C9ED5193}.Debug|x64.ActiveCfg = Debug|x86
		{18335A03-E602-43BE-87C7-C3D2C9ED5193}.Debug|x86.ActiveCfg = Debug|x86
		{18335A03-E602-43BE-87C7-C3D2C9ED5193}.Debug|x86.Build.0 = Debug|x86
		{18335A03-E602-43BE-87C7-C3D2C9ED5193}.Release|Any CPU.ActiveCfg = Release|Any CPU
		{18335A03-E602-43BE-87C7-C3D2C9ED5193}.Release|Any CPU.Build.0 = Release|Any CPU
		{18335A03-E602-43BE-87C7-C3D2C9ED5193}.Release|Itanium.ActiveCfg = Release|x86
		{18335A03-E602-43BE-87C7-C3D2C9ED5193}.Release|Mixed Platforms.ActiveCfg = Release|x86
		{18335A03-E602-43BE-87C7-C3D2C9ED5193}.Release|Mixed Platforms.Build.0 = Release|x86
		{18335A03-E602-43BE-87C7-C3D2C9ED5193}.Release|x64.ActiveCfg = Release|x86
		{18335A03-E602-43BE-87C7-C3D2C9ED5193}.Release|x86.ActiveCfg = Release|x86
		{18335A03-E602-43BE-87C7-C3D2C9ED5193}.Release|x86.Build.0 = Release|x86
		{06E6F9C2-33E5-40B5-8C9E-595C5C11937D}.CD_ROM|Any CPU.ActiveCfg = Release|Any CPU
		{06E6F9C2-33E5-40B5-8C9E-595C5C11937D}.CD_ROM|Any CPU.Build.0 = Release|Any CPU
		{06E6F9C2-33E5-40B5-8C9E-595C5C11937D}.CD_ROM|Itanium.ActiveCfg = Release|Any CPU
		{06E6F9C2-33E5-40B5-8C9E-595C5C11937D}.CD_ROM|Itanium.Build.0 = Release|Any CPU
		{06E6F9C2-33E5-40B5-8C9E-595C5C11937D}.CD_ROM|Mixed Platforms.ActiveCfg = Release|Any CPU
		{06E6F9C2-33E5-40B5-8C9E-595C5C11937D}.CD_ROM|Mixed Platforms.Build.0 = Release|Any CPU
		{06E6F9C2-33E5-40B5-8C9E-595C5C11937D}.CD_ROM|x64.ActiveCfg = Release|Any CPU
		{06E6F9C2-33E5-40B5-8C9E-595C5C11937D}.CD_ROM|x64.Build.0 = Release|Any CPU
		{06E6F9C2-33E5-40B5-8C9E-595C5C11937D}.CD_ROM|x86.ActiveCfg = Release|Any CPU
		{06E6F9C2-33E5-40B5-8C9E-595C5C11937D}.CD_ROM|x86.Build.0 = Release|Any CPU
		{06E6F9C2-33E5-40B5-8C9E-595C5C11937D}.Debug|Any CPU.ActiveCfg = Debug|Any CPU
		{06E6F9C2-33E5-40B5-8C9E-595C5C11937D}.Debug|Any CPU.Build.0 = Debug|Any CPU
		{06E6F9C2-33E5-40B5-8C9E-595C5C11937D}.Debug|Itanium.ActiveCfg = Debug|Any CPU
		{06E6F9C2-33E5-40B5-8C9E-595C5C11937D}.Debug|Itanium.Build.0 = Debug|Any CPU
		{06E6F9C2-33E5-40B5-8C9E-595C5C11937D}.Debug|Mixed Platforms.ActiveCfg = Debug|Any CPU
		{06E6F9C2-33E5-40B5-8C9E-595C5C11937D}.Debug|Mixed Platforms.Build.0 = Debug|Any CPU
		{06E6F9C2-33E5-40B5-8C9E-595C5C11937D}.Debug|x64.ActiveCfg = Debug|Any CPU
		{06E6F9C2-33E5-40B5-8C9E-595C5C11937D}.Debug|x64.Build.0 = Debug|Any CPU
		{06E6F9C2-33E5-40B5-8C9E-595C5C11937D}.Debug|x86.ActiveCfg = Debug|Any CPU
		{06E6F9C2-33E5-40B5-8C9E-595C5C11937D}.Debug|x86.Build.0 = Debug|Any CPU
		{06E6F9C2-33E5-40B5-8C9E-595C5C11937D}.Release|Any CPU.ActiveCfg = Release|Any CPU
		{06E6F9C2-33E5-40B5-8C9E-595C5C11937D}.Release|Any CPU.Build.0 = Release|Any CPU
		{06E6F9C2-33E5-40B5-8C9E-595C5C11937D}.Release|Itanium.ActiveCfg = Release|Any CPU
		{06E6F9C2-33E5-40B5-8C9E-595C5C11937D}.Release|Itanium.Build.0 = Release|Any CPU
		{06E6F9C2-33E5-40B5-8C9E-595C5C11937D}.Release|Mixed Platforms.ActiveCfg = Release|Any CPU
		{06E6F9C2-33E5-40B5-8C9E-595C5C11937D}.Release|Mixed Platforms.Build.0 = Release|Any CPU
		{06E6F9C2-33E5-40B5-8C9E-595C5C11937D}.Release|x64.ActiveCfg = Release|Any CPU
		{06E6F9C2-33E5-40B5-8C9E-595C5C11937D}.Release|x64.Build.0 = Release|Any CPU
		{06E6F9C2-33E5-40B5-8C9E-595C5C11937D}.Release|x86.ActiveCfg = Release|Any CPU
		{06E6F9C2-33E5-40B5-8C9E-595C5C11937D}.Release|x86.Build.0 = Release|Any CPU
		{172C1065-D89F-4C69-848A-848AD0136E90}.CD_ROM|Any CPU.ActiveCfg = Release|Any CPU
		{172C1065-D89F-4C69-848A-848AD0136E90}.CD_ROM|Any CPU.Build.0 = Release|Any CPU
		{172C1065-D89F-4C69-848A-848AD0136E90}.CD_ROM|Itanium.ActiveCfg = Release|Any CPU
		{172C1065-D89F-4C69-848A-848AD0136E90}.CD_ROM|Itanium.Build.0 = Release|Any CPU
		{172C1065-D89F-4C69-848A-848AD0136E90}.CD_ROM|Mixed Platforms.ActiveCfg = Release|Any CPU
		{172C1065-D89F-4C69-848A-848AD0136E90}.CD_ROM|Mixed Platforms.Build.0 = Release|Any CPU
		{172C1065-D89F-4C69-848A-848AD0136E90}.CD_ROM|x64.ActiveCfg = Release|Any CPU
		{172C1065-D89F-4C69-848A-848AD0136E90}.CD_ROM|x64.Build.0 = Release|Any CPU
		{172C1065-D89F-4C69-848A-848AD0136E90}.CD_ROM|x86.ActiveCfg = Release|Any CPU
		{172C1065-D89F-4C69-848A-848AD0136E90}.CD_ROM|x86.Build.0 = Release|Any CPU
		{172C1065-D89F-4C69-848A-848AD0136E90}.Debug|Any CPU.ActiveCfg = Debug|Any CPU
		{172C1065-D89F-4C69-848A-848AD0136E90}.Debug|Any CPU.Build.0 = Debug|Any CPU
		{172C1065-D89F-4C69-848A-848AD0136E90}.Debug|Itanium.ActiveCfg = Debug|Any CPU
		{172C1065-D89F-4C69-848A-848AD0136E90}.Debug|Itanium.Build.0 = Debug|Any CPU
		{172C1065-D89F-4C69-848A-848AD0136E90}.Debug|Mixed Platforms.ActiveCfg = Debug|Any CPU
		{172C1065-D89F-4C69-848A-848AD0136E90}.Debug|Mixed Platforms.Build.0 = Debug|Any CPU
		{172C1065-D89F-4C69-848A-848AD0136E90}.Debug|x64.ActiveCfg = Debug|Any CPU
		{172C1065-D89F-4C69-848A-848AD0136E90}.Debug|x64.Build.0 = Debug|Any CPU
		{172C1065-D89F-4C69-848A-848AD0136E90}.Debug|x86.ActiveCfg = Debug|Any CPU
		{172C1065-D89F-4C69-848A-848AD0136E90}.Debug|x86.Build.0 = Debug|Any CPU
		{172C1065-D89F-4C69-848A-848AD0136E90}.Release|Any CPU.ActiveCfg = Release|Any CPU
		{172C1065-D89F-4C69-848A-848AD0136E90}.Release|Any CPU.Build.0 = Release|Any CPU
		{172C1065-D89F-4C69-848A-848AD0136E90}.Release|Itanium.ActiveCfg = Release|Any CPU
		{172C1065-D89F-4C69-848A-848AD0136E90}.Release|Itanium.Build.0 = Release|Any CPU
		{172C1065-D89F-4C69-848A-848AD0136E90}.Release|Mixed Platforms.ActiveCfg = Release|Any CPU
		{172C1065-D89F-4C69-848A-848AD0136E90}.Release|Mixed Platforms.Build.0 = Release|Any CPU
		{172C1065-D89F-4C69-848A-848AD0136E90}.Release|x64.ActiveCfg = Release|Any CPU
		{172C1065-D89F-4C69-848A-848AD0136E90}.Release|x64.Build.0 = Release|Any CPU
		{172C1065-D89F-4C69-848A-848AD0136E90}.Release|x86.ActiveCfg = Release|Any CPU
		{172C1065-D89F-4C69-848A-848AD0136E90}.Release|x86.Build.0 = Release|Any CPU
		{2EF1E389-7958-4E96-89FC-0F7729FAE9FA}.CD_ROM|Any CPU.ActiveCfg = Release|Any CPU
		{2EF1E389-7958-4E96-89FC-0F7729FAE9FA}.CD_ROM|Any CPU.Build.0 = Release|Any CPU
		{2EF1E389-7958-4E96-89FC-0F7729FAE9FA}.CD_ROM|Itanium.ActiveCfg = Release|Any CPU
		{2EF1E389-7958-4E96-89FC-0F7729FAE9FA}.CD_ROM|Itanium.Build.0 = Release|Any CPU
		{2EF1E389-7958-4E96-89FC-0F7729FAE9FA}.CD_ROM|Mixed Platforms.ActiveCfg = Release|Any CPU
		{2EF1E389-7958-4E96-89FC-0F7729FAE9FA}.CD_ROM|Mixed Platforms.Build.0 = Release|Any CPU
		{2EF1E389-7958-4E96-89FC-0F7729FAE9FA}.CD_ROM|x64.ActiveCfg = Release|Any CPU
		{2EF1E389-7958-4E96-89FC-0F7729FAE9FA}.CD_ROM|x64.Build.0 = Release|Any CPU
		{2EF1E389-7958-4E96-89FC-0F7729FAE9FA}.CD_ROM|x86.ActiveCfg = Release|Any CPU
		{2EF1E389-7958-4E96-89FC-0F7729FAE9FA}.CD_ROM|x86.Build.0 = Release|Any CPU
		{2EF1E389-7958-4E96-89FC-0F7729FAE9FA}.Debug|Any CPU.ActiveCfg = Debug|Any CPU
		{2EF1E389-7958-4E96-89FC-0F7729FAE9FA}.Debug|Any CPU.Build.0 = Debug|Any CPU
		{2EF1E389-7958-4E96-89FC-0F7729FAE9FA}.Debug|Itanium.ActiveCfg = Debug|Any CPU
		{2EF1E389-7958-4E96-89FC-0F7729FAE9FA}.Debug|Itanium.Build.0 = Debug|Any CPU
		{2EF1E389-7958-4E96-89FC-0F7729FAE9FA}.Debug|Mixed Platforms.ActiveCfg = Debug|Any CPU
		{2EF1E389-7958-4E96-89FC-0F7729FAE9FA}.Debug|Mixed Platforms.Build.0 = Debug|Any CPU
		{2EF1E389-7958-4E96-89FC-0F7729FAE9FA}.Debug|x64.ActiveCfg = Debug|Any CPU
		{2EF1E389-7958-4E96-89FC-0F7729FAE9FA}.Debug|x64.Build.0 = Debug|Any CPU
		{2EF1E389-7958-4E96-89FC-0F7729FAE9FA}.Debug|x86.ActiveCfg = Debug|Any CPU
		{2EF1E389-7958-4E96-89FC-0F7729FAE9FA}.Debug|x86.Build.0 = Debug|Any CPU
		{2EF1E389-7958-4E96-89FC-0F7729FAE9FA}.Release|Any CPU.ActiveCfg = Release|Any CPU
		{2EF1E389-7958-4E96-89FC-0F7729FAE9FA}.Release|Any CPU.Build.0 = Release|Any CPU
		{2EF1E389-7958-4E96-89FC-0F7729FAE9FA}.Release|Itanium.ActiveCfg = Release|Any CPU
		{2EF1E389-7958-4E96-89FC-0F7729FAE9FA}.Release|Itanium.Build.0 = Release|Any CPU
		{2EF1E389-7958-4E96-89FC-0F7729FAE9FA}.Release|Mixed Platforms.ActiveCfg = Release|Any CPU
		{2EF1E389-7958-4E96-89FC-0F7729FAE9FA}.Release|Mixed Platforms.Build.0 = Release|Any CPU
		{2EF1E389-7958-4E96-89FC-0F7729FAE9FA}.Release|x64.ActiveCfg = Release|Any CPU
		{2EF1E389-7958-4E96-89FC-0F7729FAE9FA}.Release|x64.Build.0 = Release|Any CPU
		{2EF1E389-7958-4E96-89FC-0F7729FAE9FA}.Release|x86.ActiveCfg = Release|Any CPU
		{2EF1E389-7958-4E96-89FC-0F7729FAE9FA}.Release|x86.Build.0 = Release|Any CPU
	EndGlobalSection
	GlobalSection(SolutionProperties) = preSolution
		HideSolutionNode = FALSE
	EndGlobalSection
	GlobalSection(ExtensibilityGlobals) = postSolution
		SolutionGuid = {515DBBE4-5E41-4135-A4A9-2181461522F2}
	EndGlobalSection
EndGlobal
