
Microsoft Visual Studio Solution File, Format Version 12.00
# Visual Studio 15
VisualStudioVersion = 15.0.26730.15
MinimumVisualStudioVersion = 10.0.40219.1
Project("{F184B08F-C81C-45F6-A57F-5ABD9991F28F}") = "Studio.Vision.Telko.Backend.Domain", "..\Studio.Vision.Telko.Backend\Studio.Vision.Telko.Backend.Domain.vbproj", "{06E6F9C2-33E5-40B5-8C9E-595C5C11937D}"
EndProject
Project("{F184B08F-C81C-45F6-A57F-5ABD9991F28F}") = "Studio.Vision.Telko.FrontEnd.Domain", "..\Studio.Vision.Telko.FrontEnd\Studio.Vision.Telko.FrontEnd.Domain.vbproj", "{172C1065-D89F-4C69-848A-848AD0136E90}"
EndProject
Project("{F184B08F-C81C-45F6-A57F-5ABD9991F28F}") = "Studio.Vision.Telko.Shared", "..\Studio.Vision.Telko.Shared\Studio.Vision.Telko.Shared.vbproj", "{2EF1E389-7958-4E96-89FC-0F7729FAE9FA}"
EndProject
Project("{F184B08F-C81C-45F6-A57F-5ABD9991F28F}") = "Studio.Vision.Telko.Backend.Web", "..\Studio.Vision.Telko.Backend.Web\Studio.Vision.Telko.Backend.Web.vbproj", "{8B1B1B07-131C-4CFA-8110-C5A8A93AE0E9}"
EndProject
Project("{F184B08F-C81C-45F6-A57F-5ABD9991F28F}") = "Studio.Vision.Telko.Backend.Service", "..\Studio.Vision.Telko.Backend.Service\Studio.Vision.Telko.Backend.Service.vbproj", "{FEE95EA7-0023-4F96-8D2E-B184869BD6A7}"
EndProject
Project("{F184B08F-C81C-45F6-A57F-5ABD9991F28F}") = "Studio.Vision.Telko.Backend.Test", "..\Studio.Vision.Telko.Backend.Test\Studio.Vision.Telko.Backend.Test.vbproj", "{D29B1800-060F-4610-B651-1D421CF27A28}"
EndProject
Project("{FAE04EC0-301F-11D3-BF4B-00C04F79EFBC}") = "Studio_Telko_Sync", "..\Sync\Studio_Telko_Sync.csproj", "{10CC87F2-DADE-4E39-8989-BBDA1152F357}"
EndProject
Project("{FAE04EC0-301F-11D3-BF4B-00C04F79EFBC}") = "Studio_Telko_SyncDBSpecific", "..\Sync\Studio_Telko_SyncDBSpecific.csproj", "{F86B0E70-2D49-4800-A1BE-9F256799B6FE}"
EndProject
Project("{F184B08F-C81C-45F6-A57F-5ABD9991F28F}") = "Studio.Vision.Telko.FrontEnd.Test", "..\Studio.Vision.Telko.FrontEnd.Test\Studio.Vision.Telko.FrontEnd.Test.vbproj", "{3416FC1C-6CBD-4117-9D48-C34A4E5F8AD8}"
EndProject
Project("{F184B08F-C81C-45F6-A57F-5ABD9991F28F}") = "Studio.Vision.Telko.FrontEnd.Service", "..\Studio.Vision.Telko.FrontEnd.Service\Studio.Vision.Telko.FrontEnd.Service.vbproj", "{AB1C0653-45F3-4A06-9CA3-007674DB155E}"
EndProject
Global
	GlobalSection(SolutionConfigurationPlatforms) = preSolution
		CD_ROM|Any CPU = CD_ROM|Any CPU
		CD_ROM|Itanium = CD_ROM|Itanium
		CD_ROM|Mixed Platforms = CD_ROM|Mixed Platforms
		CD_ROM|x64 = CD_ROM|x64
		CD_ROM|x86 = CD_ROM|x86
		Debug|Any CPU = Debug|Any CPU
		Debug|Itanium = Debug|Itanium
		Debug|Mixed Platforms = Debug|Mixed Platforms
		Debug|x64 = Debug|x64
		Debug|x86 = Debug|x86
		Release|Any CPU = Release|Any CPU
		Release|Itanium = Release|Itanium
		Release|Mixed Platforms = Release|Mixed Platforms
		Release|x64 = Release|x64
		Release|x86 = Release|x86
	EndGlobalSection
	GlobalSection(ProjectConfigurationPlatforms) = postSolution
		{06E6F9C2-33E5-40B5-8C9E-595C5C11937D}.CD_ROM|Any CPU.ActiveCfg = Release|Any CPU
		{06E6F9C2-33E5-40B5-8C9E-595C5C11937D}.CD_ROM|Any CPU.Build.0 = Release|Any CPU
		{06E6F9C2-33E5-40B5-8C9E-595C5C11937D}.CD_ROM|Itanium.ActiveCfg = Release|Any CPU
		{06E6F9C2-33E5-40B5-8C9E-595C5C11937D}.CD_ROM|Itanium.Build.0 = Release|Any CPU
		{06E6F9C2-33E5-40B5-8C9E-595C5C11937D}.CD_ROM|Mixed Platforms.ActiveCfg = Release|Any CPU
		{06E6F9C2-33E5-40B5-8C9E-595C5C11937D}.CD_ROM|Mixed Platforms.Build.0 = Release|Any CPU
		{06E6F9C2-33E5-40B5-8C9E-595C5C11937D}.CD_ROM|x64.ActiveCfg = Release|Any CPU
		{06E6F9C2-33E5-40B5-8C9E-595C5C11937D}.CD_ROM|x64.Build.0 = Release|Any CPU
		{06E6F9C2-33E5-40B5-8C9E-595C5C11937D}.CD_ROM|x86.ActiveCfg = Release|Any CPU
		{06E6F9C2-33E5-40B5-8C9E-595C5C11937D}.CD_ROM|x86.Build.0 = Release|Any CPU
		{06E6F9C2-33E5-40B5-8C9E-595C5C11937D}.Debug|Any CPU.ActiveCfg = Debug|Any CPU
		{06E6F9C2-33E5-40B5-8C9E-595C5C11937D}.Debug|Any CPU.Build.0 = Debug|Any CPU
		{06E6F9C2-33E5-40B5-8C9E-595C5C11937D}.Debug|Itanium.ActiveCfg = Debug|Any CPU
		{06E6F9C2-33E5-40B5-8C9E-595C5C11937D}.Debug|Itanium.Build.0 = Debug|Any CPU
		{06E6F9C2-33E5-40B5-8C9E-595C5C11937D}.Debug|Mixed Platforms.ActiveCfg = Debug|Any CPU
		{06E6F9C2-33E5-40B5-8C9E-595C5C11937D}.Debug|Mixed Platforms.Build.0 = Debug|Any CPU
		{06E6F9C2-33E5-40B5-8C9E-595C5C11937D}.Debug|x64.ActiveCfg = Debug|Any CPU
		{06E6F9C2-33E5-40B5-8C9E-595C5C11937D}.Debug|x64.Build.0 = Debug|Any CPU
		{06E6F9C2-33E5-40B5-8C9E-595C5C11937D}.Debug|x86.ActiveCfg = Debug|Any CPU
		{06E6F9C2-33E5-40B5-8C9E-595C5C11937D}.Debug|x86.Build.0 = Debug|Any CPU
		{06E6F9C2-33E5-40B5-8C9E-595C5C11937D}.Release|Any CPU.ActiveCfg = Release|Any CPU
		{06E6F9C2-33E5-40B5-8C9E-595C5C11937D}.Release|Any CPU.Build.0 = Release|Any CPU
		{06E6F9C2-33E5-40B5-8C9E-595C5C11937D}.Release|Itanium.ActiveCfg = Release|Any CPU
		{06E6F9C2-33E5-40B5-8C9E-595C5C11937D}.Release|Itanium.Build.0 = Release|Any CPU
		{06E6F9C2-33E5-40B5-8C9E-595C5C11937D}.Release|Mixed Platforms.ActiveCfg = Release|Any CPU
		{06E6F9C2-33E5-40B5-8C9E-595C5C11937D}.Release|Mixed Platforms.Build.0 = Release|Any CPU
		{06E6F9C2-33E5-40B5-8C9E-595C5C11937D}.Release|x64.ActiveCfg = Release|Any CPU
		{06E6F9C2-33E5-40B5-8C9E-595C5C11937D}.Release|x64.Build.0 = Release|Any CPU
		{06E6F9C2-33E5-40B5-8C9E-595C5C11937D}.Release|x86.ActiveCfg = Release|Any CPU
		{06E6F9C2-33E5-40B5-8C9E-595C5C11937D}.Release|x86.Build.0 = Release|Any CPU
		{172C1065-D89F-4C69-848A-848AD0136E90}.CD_ROM|Any CPU.ActiveCfg = Release|Any CPU
		{172C1065-D89F-4C69-848A-848AD0136E90}.CD_ROM|Any CPU.Build.0 = Release|Any CPU
		{172C1065-D89F-4C69-848A-848AD0136E90}.CD_ROM|Itanium.ActiveCfg = Release|Any CPU
		{172C1065-D89F-4C69-848A-848AD0136E90}.CD_ROM|Itanium.Build.0 = Release|Any CPU
		{172C1065-D89F-4C69-848A-848AD0136E90}.CD_ROM|Mixed Platforms.ActiveCfg = Release|Any CPU
		{172C1065-D89F-4C69-848A-848AD0136E90}.CD_ROM|Mixed Platforms.Build.0 = Release|Any CPU
		{172C1065-D89F-4C69-848A-848AD0136E90}.CD_ROM|x64.ActiveCfg = Release|Any CPU
		{172C1065-D89F-4C69-848A-848AD0136E90}.CD_ROM|x64.Build.0 = Release|Any CPU
		{172C1065-D89F-4C69-848A-848AD0136E90}.CD_ROM|x86.ActiveCfg = Release|Any CPU
		{172C1065-D89F-4C69-848A-848AD0136E90}.CD_ROM|x86.Build.0 = Release|Any CPU
		{172C1065-D89F-4C69-848A-848AD0136E90}.Debug|Any CPU.ActiveCfg = Debug|Any CPU
		{172C1065-D89F-4C69-848A-848AD0136E90}.Debug|Any CPU.Build.0 = Debug|Any CPU
		{172C1065-D89F-4C69-848A-848AD0136E90}.Debug|Itanium.ActiveCfg = Debug|Any CPU
		{172C1065-D89F-4C69-848A-848AD0136E90}.Debug|Itanium.Build.0 = Debug|Any CPU
		{172C1065-D89F-4C69-848A-848AD0136E90}.Debug|Mixed Platforms.ActiveCfg = Debug|Any CPU
		{172C1065-D89F-4C69-848A-848AD0136E90}.Debug|Mixed Platforms.Build.0 = Debug|Any CPU
		{172C1065-D89F-4C69-848A-848AD0136E90}.Debug|x64.ActiveCfg = Debug|Any CPU
		{172C1065-D89F-4C69-848A-848AD0136E90}.Debug|x64.Build.0 = Debug|Any CPU
		{172C1065-D89F-4C69-848A-848AD0136E90}.Debug|x86.ActiveCfg = Debug|Any CPU
		{172C1065-D89F-4C69-848A-848AD0136E90}.Debug|x86.Build.0 = Debug|Any CPU
		{172C1065-D89F-4C69-848A-848AD0136E90}.Release|Any CPU.ActiveCfg = Release|Any CPU
		{172C1065-D89F-4C69-848A-848AD0136E90}.Release|Any CPU.Build.0 = Release|Any CPU
		{172C1065-D89F-4C69-848A-848AD0136E90}.Release|Itanium.ActiveCfg = Release|Any CPU
		{172C1065-D89F-4C69-848A-848AD0136E90}.Release|Itanium.Build.0 = Release|Any CPU
		{172C1065-D89F-4C69-848A-848AD0136E90}.Release|Mixed Platforms.ActiveCfg = Release|Any CPU
		{172C1065-D89F-4C69-848A-848AD0136E90}.Release|Mixed Platforms.Build.0 = Release|Any CPU
		{172C1065-D89F-4C69-848A-848AD0136E90}.Release|x64.ActiveCfg = Release|Any CPU
		{172C1065-D89F-4C69-848A-848AD0136E90}.Release|x64.Build.0 = Release|Any CPU
		{172C1065-D89F-4C69-848A-848AD0136E90}.Release|x86.ActiveCfg = Release|Any CPU
		{172C1065-D89F-4C69-848A-848AD0136E90}.Release|x86.Build.0 = Release|Any CPU
		{2EF1E389-7958-4E96-89FC-0F7729FAE9FA}.CD_ROM|Any CPU.ActiveCfg = Release|Any CPU
		{2EF1E389-7958-4E96-89FC-0F7729FAE9FA}.CD_ROM|Any CPU.Build.0 = Release|Any CPU
		{2EF1E389-7958-4E96-89FC-0F7729FAE9FA}.CD_ROM|Itanium.ActiveCfg = Release|Any CPU
		{2EF1E389-7958-4E96-89FC-0F7729FAE9FA}.CD_ROM|Itanium.Build.0 = Release|Any CPU
		{2EF1E389-7958-4E96-89FC-0F7729FAE9FA}.CD_ROM|Mixed Platforms.ActiveCfg = Release|Any CPU
		{2EF1E389-7958-4E96-89FC-0F7729FAE9FA}.CD_ROM|Mixed Platforms.Build.0 = Release|Any CPU
		{2EF1E389-7958-4E96-89FC-0F7729FAE9FA}.CD_ROM|x64.ActiveCfg = Release|Any CPU
		{2EF1E389-7958-4E96-89FC-0F7729FAE9FA}.CD_ROM|x64.Build.0 = Release|Any CPU
		{2EF1E389-7958-4E96-89FC-0F7729FAE9FA}.CD_ROM|x86.ActiveCfg = Release|Any CPU
		{2EF1E389-7958-4E96-89FC-0F7729FAE9FA}.CD_ROM|x86.Build.0 = Release|Any CPU
		{2EF1E389-7958-4E96-89FC-0F7729FAE9FA}.Debug|Any CPU.ActiveCfg = Debug|Any CPU
		{2EF1E389-7958-4E96-89FC-0F7729FAE9FA}.Debug|Any CPU.Build.0 = Debug|Any CPU
		{2EF1E389-7958-4E96-89FC-0F7729FAE9FA}.Debug|Itanium.ActiveCfg = Debug|Any CPU
		{2EF1E389-7958-4E96-89FC-0F7729FAE9FA}.Debug|Itanium.Build.0 = Debug|Any CPU
		{2EF1E389-7958-4E96-89FC-0F7729FAE9FA}.Debug|Mixed Platforms.ActiveCfg = Debug|Any CPU
		{2EF1E389-7958-4E96-89FC-0F7729FAE9FA}.Debug|Mixed Platforms.Build.0 = Debug|Any CPU
		{2EF1E389-7958-4E96-89FC-0F7729FAE9FA}.Debug|x64.ActiveCfg = Debug|Any CPU
		{2EF1E389-7958-4E96-89FC-0F7729FAE9FA}.Debug|x64.Build.0 = Debug|Any CPU
		{2EF1E389-7958-4E96-89FC-0F7729FAE9FA}.Debug|x86.ActiveCfg = Debug|Any CPU
		{2EF1E389-7958-4E96-89FC-0F7729FAE9FA}.Debug|x86.Build.0 = Debug|Any CPU
		{2EF1E389-7958-4E96-89FC-0F7729FAE9FA}.Release|Any CPU.ActiveCfg = Release|Any CPU
		{2EF1E389-7958-4E96-89FC-0F7729FAE9FA}.Release|Any CPU.Build.0 = Release|Any CPU
		{2EF1E389-7958-4E96-89FC-0F7729FAE9FA}.Release|Itanium.ActiveCfg = Release|Any CPU
		{2EF1E389-7958-4E96-89FC-0F7729FAE9FA}.Release|Itanium.Build.0 = Release|Any CPU
		{2EF1E389-7958-4E96-89FC-0F7729FAE9FA}.Release|Mixed Platforms.ActiveCfg = Release|Any CPU
		{2EF1E389-7958-4E96-89FC-0F7729FAE9FA}.Release|Mixed Platforms.Build.0 = Release|Any CPU
		{2EF1E389-7958-4E96-89FC-0F7729FAE9FA}.Release|x64.ActiveCfg = Release|Any CPU
		{2EF1E389-7958-4E96-89FC-0F7729FAE9FA}.Release|x64.Build.0 = Release|Any CPU
		{2EF1E389-7958-4E96-89FC-0F7729FAE9FA}.Release|x86.ActiveCfg = Release|Any CPU
		{2EF1E389-7958-4E96-89FC-0F7729FAE9FA}.Release|x86.Build.0 = Release|Any CPU
		{8B1B1B07-131C-4CFA-8110-C5A8A93AE0E9}.CD_ROM|Any CPU.ActiveCfg = Release|Any CPU
		{8B1B1B07-131C-4CFA-8110-C5A8A93AE0E9}.CD_ROM|Any CPU.Build.0 = Release|Any CPU
		{8B1B1B07-131C-4CFA-8110-C5A8A93AE0E9}.CD_ROM|Itanium.ActiveCfg = Release|Any CPU
		{8B1B1B07-131C-4CFA-8110-C5A8A93AE0E9}.CD_ROM|Itanium.Build.0 = Release|Any CPU
		{8B1B1B07-131C-4CFA-8110-C5A8A93AE0E9}.CD_ROM|Mixed Platforms.ActiveCfg = Release|Any CPU
		{8B1B1B07-131C-4CFA-8110-C5A8A93AE0E9}.CD_ROM|Mixed Platforms.Build.0 = Release|Any CPU
		{8B1B1B07-131C-4CFA-8110-C5A8A93AE0E9}.CD_ROM|x64.ActiveCfg = Release|Any CPU
		{8B1B1B07-131C-4CFA-8110-C5A8A93AE0E9}.CD_ROM|x64.Build.0 = Release|Any CPU
		{8B1B1B07-131C-4CFA-8110-C5A8A93AE0E9}.CD_ROM|x86.ActiveCfg = Release|Any CPU
		{8B1B1B07-131C-4CFA-8110-C5A8A93AE0E9}.CD_ROM|x86.Build.0 = Release|Any CPU
		{8B1B1B07-131C-4CFA-8110-C5A8A93AE0E9}.Debug|Any CPU.ActiveCfg = Debug|Any CPU
		{8B1B1B07-131C-4CFA-8110-C5A8A93AE0E9}.Debug|Any CPU.Build.0 = Debug|Any CPU
		{8B1B1B07-131C-4CFA-8110-C5A8A93AE0E9}.Debug|Itanium.ActiveCfg = Debug|Any CPU
		{8B1B1B07-131C-4CFA-8110-C5A8A93AE0E9}.Debug|Itanium.Build.0 = Debug|Any CPU
		{8B1B1B07-131C-4CFA-8110-C5A8A93AE0E9}.Debug|Mixed Platforms.ActiveCfg = Debug|Any CPU
		{8B1B1B07-131C-4CFA-8110-C5A8A93AE0E9}.Debug|Mixed Platforms.Build.0 = Debug|Any CPU
		{8B1B1B07-131C-4CFA-8110-C5A8A93AE0E9}.Debug|x64.ActiveCfg = Debug|Any CPU
		{8B1B1B07-131C-4CFA-8110-C5A8A93AE0E9}.Debug|x64.Build.0 = Debug|Any CPU
		{8B1B1B07-131C-4CFA-8110-C5A8A93AE0E9}.Debug|x86.ActiveCfg = Debug|Any CPU
		{8B1B1B07-131C-4CFA-8110-C5A8A93AE0E9}.Debug|x86.Build.0 = Debug|Any CPU
		{8B1B1B07-131C-4CFA-8110-C5A8A93AE0E9}.Release|Any CPU.ActiveCfg = Release|Any CPU
		{8B1B1B07-131C-4CFA-8110-C5A8A93AE0E9}.Release|Any CPU.Build.0 = Release|Any CPU
		{8B1B1B07-131C-4CFA-8110-C5A8A93AE0E9}.Release|Itanium.ActiveCfg = Release|Any CPU
		{8B1B1B07-131C-4CFA-8110-C5A8A93AE0E9}.Release|Itanium.Build.0 = Release|Any CPU
		{8B1B1B07-131C-4CFA-8110-C5A8A93AE0E9}.Release|Mixed Platforms.ActiveCfg = Release|Any CPU
		{8B1B1B07-131C-4CFA-8110-C5A8A93AE0E9}.Release|Mixed Platforms.Build.0 = Release|Any CPU
		{8B1B1B07-131C-4CFA-8110-C5A8A93AE0E9}.Release|x64.ActiveCfg = Release|Any CPU
		{8B1B1B07-131C-4CFA-8110-C5A8A93AE0E9}.Release|x64.Build.0 = Release|Any CPU
		{8B1B1B07-131C-4CFA-8110-C5A8A93AE0E9}.Release|x86.ActiveCfg = Release|Any CPU
		{8B1B1B07-131C-4CFA-8110-C5A8A93AE0E9}.Release|x86.Build.0 = Release|Any CPU
		{FEE95EA7-0023-4F96-8D2E-B184869BD6A7}.CD_ROM|Any CPU.ActiveCfg = Release|Any CPU
		{FEE95EA7-0023-4F96-8D2E-B184869BD6A7}.CD_ROM|Any CPU.Build.0 = Release|Any CPU
		{FEE95EA7-0023-4F96-8D2E-B184869BD6A7}.CD_ROM|Itanium.ActiveCfg = Release|Any CPU
		{FEE95EA7-0023-4F96-8D2E-B184869BD6A7}.CD_ROM|Itanium.Build.0 = Release|Any CPU
		{FEE95EA7-0023-4F96-8D2E-B184869BD6A7}.CD_ROM|Mixed Platforms.ActiveCfg = Release|Any CPU
		{FEE95EA7-0023-4F96-8D2E-B184869BD6A7}.CD_ROM|Mixed Platforms.Build.0 = Release|Any CPU
		{FEE95EA7-0023-4F96-8D2E-B184869BD6A7}.CD_ROM|x64.ActiveCfg = Release|Any CPU
		{FEE95EA7-0023-4F96-8D2E-B184869BD6A7}.CD_ROM|x64.Build.0 = Release|Any CPU
		{FEE95EA7-0023-4F96-8D2E-B184869BD6A7}.CD_ROM|x86.ActiveCfg = Release|Any CPU
		{FEE95EA7-0023-4F96-8D2E-B184869BD6A7}.CD_ROM|x86.Build.0 = Release|Any CPU
		{FEE95EA7-0023-4F96-8D2E-B184869BD6A7}.Debug|Any CPU.ActiveCfg = Debug|Any CPU
		{FEE95EA7-0023-4F96-8D2E-B184869BD6A7}.Debug|Any CPU.Build.0 = Debug|Any CPU
		{FEE95EA7-0023-4F96-8D2E-B184869BD6A7}.Debug|Itanium.ActiveCfg = Debug|Any CPU
		{FEE95EA7-0023-4F96-8D2E-B184869BD6A7}.Debug|Itanium.Build.0 = Debug|Any CPU
		{FEE95EA7-0023-4F96-8D2E-B184869BD6A7}.Debug|Mixed Platforms.ActiveCfg = Debug|Any CPU
		{FEE95EA7-0023-4F96-8D2E-B184869BD6A7}.Debug|Mixed Platforms.Build.0 = Debug|Any CPU
		{FEE95EA7-0023-4F96-8D2E-B184869BD6A7}.Debug|x64.ActiveCfg = Debug|Any CPU
		{FEE95EA7-0023-4F96-8D2E-B184869BD6A7}.Debug|x64.Build.0 = Debug|Any CPU
		{FEE95EA7-0023-4F96-8D2E-B184869BD6A7}.Debug|x86.ActiveCfg = Debug|Any CPU
		{FEE95EA7-0023-4F96-8D2E-B184869BD6A7}.Debug|x86.Build.0 = Debug|Any CPU
		{FEE95EA7-0023-4F96-8D2E-B184869BD6A7}.Release|Any CPU.ActiveCfg = Release|Any CPU
		{FEE95EA7-0023-4F96-8D2E-B184869BD6A7}.Release|Any CPU.Build.0 = Release|Any CPU
		{FEE95EA7-0023-4F96-8D2E-B184869BD6A7}.Release|Itanium.ActiveCfg = Release|Any CPU
		{FEE95EA7-0023-4F96-8D2E-B184869BD6A7}.Release|Itanium.Build.0 = Release|Any CPU
		{FEE95EA7-0023-4F96-8D2E-B184869BD6A7}.Release|Mixed Platforms.ActiveCfg = Release|Any CPU
		{FEE95EA7-0023-4F96-8D2E-B184869BD6A7}.Release|Mixed Platforms.Build.0 = Release|Any CPU
		{FEE95EA7-0023-4F96-8D2E-B184869BD6A7}.Release|x64.ActiveCfg = Release|Any CPU
		{FEE95EA7-0023-4F96-8D2E-B184869BD6A7}.Release|x64.Build.0 = Release|Any CPU
		{FEE95EA7-0023-4F96-8D2E-B184869BD6A7}.Release|x86.ActiveCfg = Release|Any CPU
		{FEE95EA7-0023-4F96-8D2E-B184869BD6A7}.Release|x86.Build.0 = Release|Any CPU
		{D29B1800-060F-4610-B651-1D421CF27A28}.CD_ROM|Any CPU.ActiveCfg = Release|Any CPU
		{D29B1800-060F-4610-B651-1D421CF27A28}.CD_ROM|Any CPU.Build.0 = Release|Any CPU
		{D29B1800-060F-4610-B651-1D421CF27A28}.CD_ROM|Itanium.ActiveCfg = Release|Any CPU
		{D29B1800-060F-4610-B651-1D421CF27A28}.CD_ROM|Itanium.Build.0 = Release|Any CPU
		{D29B1800-060F-4610-B651-1D421CF27A28}.CD_ROM|Mixed Platforms.ActiveCfg = Release|Any CPU
		{D29B1800-060F-4610-B651-1D421CF27A28}.CD_ROM|Mixed Platforms.Build.0 = Release|Any CPU
		{D29B1800-060F-4610-B651-1D421CF27A28}.CD_ROM|x64.ActiveCfg = Release|Any CPU
		{D29B1800-060F-4610-B651-1D421CF27A28}.CD_ROM|x64.Build.0 = Release|Any CPU
		{D29B1800-060F-4610-B651-1D421CF27A28}.CD_ROM|x86.ActiveCfg = Release|Any CPU
		{D29B1800-060F-4610-B651-1D421CF27A28}.CD_ROM|x86.Build.0 = Release|Any CPU
		{D29B1800-060F-4610-B651-1D421CF27A28}.Debug|Any CPU.ActiveCfg = Debug|Any CPU
		{D29B1800-060F-4610-B651-1D421CF27A28}.Debug|Any CPU.Build.0 = Debug|Any CPU
		{D29B1800-060F-4610-B651-1D421CF27A28}.Debug|Itanium.ActiveCfg = Debug|Any CPU
		{D29B1800-060F-4610-B651-1D421CF27A28}.Debug|Itanium.Build.0 = Debug|Any CPU
		{D29B1800-060F-4610-B651-1D421CF27A28}.Debug|Mixed Platforms.ActiveCfg = Debug|Any CPU
		{D29B1800-060F-4610-B651-1D421CF27A28}.Debug|Mixed Platforms.Build.0 = Debug|Any CPU
		{D29B1800-060F-4610-B651-1D421CF27A28}.Debug|x64.ActiveCfg = Debug|Any CPU
		{D29B1800-060F-4610-B651-1D421CF27A28}.Debug|x64.Build.0 = Debug|Any CPU
		{D29B1800-060F-4610-B651-1D421CF27A28}.Debug|x86.ActiveCfg = Debug|Any CPU
		{D29B1800-060F-4610-B651-1D421CF27A28}.Debug|x86.Build.0 = Debug|Any CPU
		{D29B1800-060F-4610-B651-1D421CF27A28}.Release|Any CPU.ActiveCfg = Release|Any CPU
		{D29B1800-060F-4610-B651-1D421CF27A28}.Release|Any CPU.Build.0 = Release|Any CPU
		{D29B1800-060F-4610-B651-1D421CF27A28}.Release|Itanium.ActiveCfg = Release|Any CPU
		{D29B1800-060F-4610-B651-1D421CF27A28}.Release|Itanium.Build.0 = Release|Any CPU
		{D29B1800-060F-4610-B651-1D421CF27A28}.Release|Mixed Platforms.ActiveCfg = Release|Any CPU
		{D29B1800-060F-4610-B651-1D421CF27A28}.Release|Mixed Platforms.Build.0 = Release|Any CPU
		{D29B1800-060F-4610-B651-1D421CF27A28}.Release|x64.ActiveCfg = Release|Any CPU
		{D29B1800-060F-4610-B651-1D421CF27A28}.Release|x64.Build.0 = Release|Any CPU
		{D29B1800-060F-4610-B651-1D421CF27A28}.Release|x86.ActiveCfg = Release|Any CPU
		{D29B1800-060F-4610-B651-1D421CF27A28}.Release|x86.Build.0 = Release|Any CPU
		{10CC87F2-DADE-4E39-8989-BBDA1152F357}.CD_ROM|Any CPU.ActiveCfg = Release|Any CPU
		{10CC87F2-DADE-4E39-8989-BBDA1152F357}.CD_ROM|Any CPU.Build.0 = Release|Any CPU
		{10CC87F2-DADE-4E39-8989-BBDA1152F357}.CD_ROM|Itanium.ActiveCfg = Release|Any CPU
		{10CC87F2-DADE-4E39-8989-BBDA1152F357}.CD_ROM|Itanium.Build.0 = Release|Any CPU
		{10CC87F2-DADE-4E39-8989-BBDA1152F357}.CD_ROM|Mixed Platforms.ActiveCfg = Release|Any CPU
		{10CC87F2-DADE-4E39-8989-BBDA1152F357}.CD_ROM|Mixed Platforms.Build.0 = Release|Any CPU
		{10CC87F2-DADE-4E39-8989-BBDA1152F357}.CD_ROM|x64.ActiveCfg = Release|Any CPU
		{10CC87F2-DADE-4E39-8989-BBDA1152F357}.CD_ROM|x64.Build.0 = Release|Any CPU
		{10CC87F2-DADE-4E39-8989-BBDA1152F357}.CD_ROM|x86.ActiveCfg = Release|Any CPU
		{10CC87F2-DADE-4E39-8989-BBDA1152F357}.CD_ROM|x86.Build.0 = Release|Any CPU
		{10CC87F2-DADE-4E39-8989-BBDA1152F357}.Debug|Any CPU.ActiveCfg = Debug|Any CPU
		{10CC87F2-DADE-4E39-8989-BBDA1152F357}.Debug|Any CPU.Build.0 = Debug|Any CPU
		{10CC87F2-DADE-4E39-8989-BBDA1152F357}.Debug|Itanium.ActiveCfg = Debug|Any CPU
		{10CC87F2-DADE-4E39-8989-BBDA1152F357}.Debug|Itanium.Build.0 = Debug|Any CPU
		{10CC87F2-DADE-4E39-8989-BBDA1152F357}.Debug|Mixed Platforms.ActiveCfg = Debug|Any CPU
		{10CC87F2-DADE-4E39-8989-BBDA1152F357}.Debug|Mixed Platforms.Build.0 = Debug|Any CPU
		{10CC87F2-DADE-4E39-8989-BBDA1152F357}.Debug|x64.ActiveCfg = Debug|Any CPU
		{10CC87F2-DADE-4E39-8989-BBDA1152F357}.Debug|x64.Build.0 = Debug|Any CPU
		{10CC87F2-DADE-4E39-8989-BBDA1152F357}.Debug|x86.ActiveCfg = Debug|Any CPU
		{10CC87F2-DADE-4E39-8989-BBDA1152F357}.Debug|x86.Build.0 = Debug|Any CPU
		{10CC87F2-DADE-4E39-8989-BBDA1152F357}.Release|Any CPU.ActiveCfg = Release|Any CPU
		{10CC87F2-DADE-4E39-8989-BBDA1152F357}.Release|Any CPU.Build.0 = Release|Any CPU
		{10CC87F2-DADE-4E39-8989-BBDA1152F357}.Release|Itanium.ActiveCfg = Release|Any CPU
		{10CC87F2-DADE-4E39-8989-BBDA1152F357}.Release|Itanium.Build.0 = Release|Any CPU
		{10CC87F2-DADE-4E39-8989-BBDA1152F357}.Release|Mixed Platforms.ActiveCfg = Release|Any CPU
		{10CC87F2-DADE-4E39-8989-BBDA1152F357}.Release|Mixed Platforms.Build.0 = Release|Any CPU
		{10CC87F2-DADE-4E39-8989-BBDA1152F357}.Release|x64.ActiveCfg = Release|Any CPU
		{10CC87F2-DADE-4E39-8989-BBDA1152F357}.Release|x64.Build.0 = Release|Any CPU
		{10CC87F2-DADE-4E39-8989-BBDA1152F357}.Release|x86.ActiveCfg = Release|Any CPU
		{10CC87F2-DADE-4E39-8989-BBDA1152F357}.Release|x86.Build.0 = Release|Any CPU
		{F86B0E70-2D49-4800-A1BE-9F256799B6FE}.CD_ROM|Any CPU.ActiveCfg = Release|Any CPU
		{F86B0E70-2D49-4800-A1BE-9F256799B6FE}.CD_ROM|Any CPU.Build.0 = Release|Any CPU
		{F86B0E70-2D49-4800-A1BE-9F256799B6FE}.CD_ROM|Itanium.ActiveCfg = Release|Any CPU
		{F86B0E70-2D49-4800-A1BE-9F256799B6FE}.CD_ROM|Itanium.Build.0 = Release|Any CPU
		{F86B0E70-2D49-4800-A1BE-9F256799B6FE}.CD_ROM|Mixed Platforms.ActiveCfg = Release|Any CPU
		{F86B0E70-2D49-4800-A1BE-9F256799B6FE}.CD_ROM|Mixed Platforms.Build.0 = Release|Any CPU
		{F86B0E70-2D49-4800-A1BE-9F256799B6FE}.CD_ROM|x64.ActiveCfg = Release|Any CPU
		{F86B0E70-2D49-4800-A1BE-9F256799B6FE}.CD_ROM|x64.Build.0 = Release|Any CPU
		{F86B0E70-2D49-4800-A1BE-9F256799B6FE}.CD_ROM|x86.ActiveCfg = Release|Any CPU
		{F86B0E70-2D49-4800-A1BE-9F256799B6FE}.CD_ROM|x86.Build.0 = Release|Any CPU
		{F86B0E70-2D49-4800-A1BE-9F256799B6FE}.Debug|Any CPU.ActiveCfg = Debug|Any CPU
		{F86B0E70-2D49-4800-A1BE-9F256799B6FE}.Debug|Any CPU.Build.0 = Debug|Any CPU
		{F86B0E70-2D49-4800-A1BE-9F256799B6FE}.Debug|Itanium.ActiveCfg = Debug|Any CPU
		{F86B0E70-2D49-4800-A1BE-9F256799B6FE}.Debug|Itanium.Build.0 = Debug|Any CPU
		{F86B0E70-2D49-4800-A1BE-9F256799B6FE}.Debug|Mixed Platforms.ActiveCfg = Debug|Any CPU
		{F86B0E70-2D49-4800-A1BE-9F256799B6FE}.Debug|Mixed Platforms.Build.0 = Debug|Any CPU
		{F86B0E70-2D49-4800-A1BE-9F256799B6FE}.Debug|x64.ActiveCfg = Debug|Any CPU
		{F86B0E70-2D49-4800-A1BE-9F256799B6FE}.Debug|x64.Build.0 = Debug|Any CPU
		{F86B0E70-2D49-4800-A1BE-9F256799B6FE}.Debug|x86.ActiveCfg = Debug|Any CPU
		{F86B0E70-2D49-4800-A1BE-9F256799B6FE}.Debug|x86.Build.0 = Debug|Any CPU
		{F86B0E70-2D49-4800-A1BE-9F256799B6FE}.Release|Any CPU.ActiveCfg = Release|Any CPU
		{F86B0E70-2D49-4800-A1BE-9F256799B6FE}.Release|Any CPU.Build.0 = Release|Any CPU
		{F86B0E70-2D49-4800-A1BE-9F256799B6FE}.Release|Itanium.ActiveCfg = Release|Any CPU
		{F86B0E70-2D49-4800-A1BE-9F256799B6FE}.Release|Itanium.Build.0 = Release|Any CPU
		{F86B0E70-2D49-4800-A1BE-9F256799B6FE}.Release|Mixed Platforms.ActiveCfg = Release|Any CPU
		{F86B0E70-2D49-4800-A1BE-9F256799B6FE}.Release|Mixed Platforms.Build.0 = Release|Any CPU
		{F86B0E70-2D49-4800-A1BE-9F256799B6FE}.Release|x64.ActiveCfg = Release|Any CPU
		{F86B0E70-2D49-4800-A1BE-9F256799B6FE}.Release|x64.Build.0 = Release|Any CPU
		{F86B0E70-2D49-4800-A1BE-9F256799B6FE}.Release|x86.ActiveCfg = Release|Any CPU
		{F86B0E70-2D49-4800-A1BE-9F256799B6FE}.Release|x86.Build.0 = Release|Any CPU
		{3416FC1C-6CBD-4117-9D48-C34A4E5F8AD8}.CD_ROM|Any CPU.ActiveCfg = Release|Any CPU
		{3416FC1C-6CBD-4117-9D48-C34A4E5F8AD8}.CD_ROM|Any CPU.Build.0 = Release|Any CPU
		{3416FC1C-6CBD-4117-9D48-C34A4E5F8AD8}.CD_ROM|Itanium.ActiveCfg = Release|Any CPU
		{3416FC1C-6CBD-4117-9D48-C34A4E5F8AD8}.CD_ROM|Itanium.Build.0 = Release|Any CPU
		{3416FC1C-6CBD-4117-9D48-C34A4E5F8AD8}.CD_ROM|Mixed Platforms.ActiveCfg = Release|Any CPU
		{3416FC1C-6CBD-4117-9D48-C34A4E5F8AD8}.CD_ROM|Mixed Platforms.Build.0 = Release|Any CPU
		{3416FC1C-6CBD-4117-9D48-C34A4E5F8AD8}.CD_ROM|x64.ActiveCfg = Release|Any CPU
		{3416FC1C-6CBD-4117-9D48-C34A4E5F8AD8}.CD_ROM|x64.Build.0 = Release|Any CPU
		{3416FC1C-6CBD-4117-9D48-C34A4E5F8AD8}.CD_ROM|x86.ActiveCfg = Release|Any CPU
		{3416FC1C-6CBD-4117-9D48-C34A4E5F8AD8}.CD_ROM|x86.Build.0 = Release|Any CPU
		{3416FC1C-6CBD-4117-9D48-C34A4E5F8AD8}.Debug|Any CPU.ActiveCfg = Debug|Any CPU
		{3416FC1C-6CBD-4117-9D48-C34A4E5F8AD8}.Debug|Any CPU.Build.0 = Debug|Any CPU
		{3416FC1C-6CBD-4117-9D48-C34A4E5F8AD8}.Debug|Itanium.ActiveCfg = Debug|Any CPU
		{3416FC1C-6CBD-4117-9D48-C34A4E5F8AD8}.Debug|Itanium.Build.0 = Debug|Any CPU
		{3416FC1C-6CBD-4117-9D48-C34A4E5F8AD8}.Debug|Mixed Platforms.ActiveCfg = Debug|Any CPU
		{3416FC1C-6CBD-4117-9D48-C34A4E5F8AD8}.Debug|Mixed Platforms.Build.0 = Debug|Any CPU
		{3416FC1C-6CBD-4117-9D48-C34A4E5F8AD8}.Debug|x64.ActiveCfg = Debug|Any CPU
		{3416FC1C-6CBD-4117-9D48-C34A4E5F8AD8}.Debug|x64.Build.0 = Debug|Any CPU
		{3416FC1C-6CBD-4117-9D48-C34A4E5F8AD8}.Debug|x86.ActiveCfg = Debug|Any CPU
		{3416FC1C-6CBD-4117-9D48-C34A4E5F8AD8}.Debug|x86.Build.0 = Debug|Any CPU
		{3416FC1C-6CBD-4117-9D48-C34A4E5F8AD8}.Release|Any CPU.ActiveCfg = Release|Any CPU
		{3416FC1C-6CBD-4117-9D48-C34A4E5F8AD8}.Release|Any CPU.Build.0 = Release|Any CPU
		{3416FC1C-6CBD-4117-9D48-C34A4E5F8AD8}.Release|Itanium.ActiveCfg = Release|Any CPU
		{3416FC1C-6CBD-4117-9D48-C34A4E5F8AD8}.Release|Itanium.Build.0 = Release|Any CPU
		{3416FC1C-6CBD-4117-9D48-C34A4E5F8AD8}.Release|Mixed Platforms.ActiveCfg = Release|Any CPU
		{3416FC1C-6CBD-4117-9D48-C34A4E5F8AD8}.Release|Mixed Platforms.Build.0 = Release|Any CPU
		{3416FC1C-6CBD-4117-9D48-C34A4E5F8AD8}.Release|x64.ActiveCfg = Release|Any CPU
		{3416FC1C-6CBD-4117-9D48-C34A4E5F8AD8}.Release|x64.Build.0 = Release|Any CPU
		{3416FC1C-6CBD-4117-9D48-C34A4E5F8AD8}.Release|x86.ActiveCfg = Release|Any CPU
		{3416FC1C-6CBD-4117-9D48-C34A4E5F8AD8}.Release|x86.Build.0 = Release|Any CPU
		{AB1C0653-45F3-4A06-9CA3-007674DB155E}.CD_ROM|Any CPU.ActiveCfg = Release|Any CPU
		{AB1C0653-45F3-4A06-9CA3-007674DB155E}.CD_ROM|Any CPU.Build.0 = Release|Any CPU
		{AB1C0653-45F3-4A06-9CA3-007674DB155E}.CD_ROM|Itanium.ActiveCfg = Release|Any CPU
		{AB1C0653-45F3-4A06-9CA3-007674DB155E}.CD_ROM|Itanium.Build.0 = Release|Any CPU
		{AB1C0653-45F3-4A06-9CA3-007674DB155E}.CD_ROM|Mixed Platforms.ActiveCfg = Release|Any CPU
		{AB1C0653-45F3-4A06-9CA3-007674DB155E}.CD_ROM|Mixed Platforms.Build.0 = Release|Any CPU
		{AB1C0653-45F3-4A06-9CA3-007674DB155E}.CD_ROM|x64.ActiveCfg = Release|Any CPU
		{AB1C0653-45F3-4A06-9CA3-007674DB155E}.CD_ROM|x64.Build.0 = Release|Any CPU
		{AB1C0653-45F3-4A06-9CA3-007674DB155E}.CD_ROM|x86.ActiveCfg = Release|Any CPU
		{AB1C0653-45F3-4A06-9CA3-007674DB155E}.CD_ROM|x86.Build.0 = Release|Any CPU
		{AB1C0653-45F3-4A06-9CA3-007674DB155E}.Debug|Any CPU.ActiveCfg = Debug|Any CPU
		{AB1C0653-45F3-4A06-9CA3-007674DB155E}.Debug|Any CPU.Build.0 = Debug|Any CPU
		{AB1C0653-45F3-4A06-9CA3-007674DB155E}.Debug|Itanium.ActiveCfg = Debug|Any CPU
		{AB1C0653-45F3-4A06-9CA3-007674DB155E}.Debug|Itanium.Build.0 = Debug|Any CPU
		{AB1C0653-45F3-4A06-9CA3-007674DB155E}.Debug|Mixed Platforms.ActiveCfg = Debug|Any CPU
		{AB1C0653-45F3-4A06-9CA3-007674DB155E}.Debug|Mixed Platforms.Build.0 = Debug|Any CPU
		{AB1C0653-45F3-4A06-9CA3-007674DB155E}.Debug|x64.ActiveCfg = Debug|Any CPU
		{AB1C0653-45F3-4A06-9CA3-007674DB155E}.Debug|x64.Build.0 = Debug|Any CPU
		{AB1C0653-45F3-4A06-9CA3-007674DB155E}.Debug|x86.ActiveCfg = Debug|Any CPU
		{AB1C0653-45F3-4A06-9CA3-007674DB155E}.Debug|x86.Build.0 = Debug|Any CPU
		{AB1C0653-45F3-4A06-9CA3-007674DB155E}.Release|Any CPU.ActiveCfg = Release|Any CPU
		{AB1C0653-45F3-4A06-9CA3-007674DB155E}.Release|Any CPU.Build.0 = Release|Any CPU
		{AB1C0653-45F3-4A06-9CA3-007674DB155E}.Release|Itanium.ActiveCfg = Release|Any CPU
		{AB1C0653-45F3-4A06-9CA3-007674DB155E}.Release|Itanium.Build.0 = Release|Any CPU
		{AB1C0653-45F3-4A06-9CA3-007674DB155E}.Release|Mixed Platforms.ActiveCfg = Release|Any CPU
		{AB1C0653-45F3-4A06-9CA3-007674DB155E}.Release|Mixed Platforms.Build.0 = Release|Any CPU
		{AB1C0653-45F3-4A06-9CA3-007674DB155E}.Release|x64.ActiveCfg = Release|Any CPU
		{AB1C0653-45F3-4A06-9CA3-007674DB155E}.Release|x64.Build.0 = Release|Any CPU
		{AB1C0653-45F3-4A06-9CA3-007674DB155E}.Release|x86.ActiveCfg = Release|Any CPU
		{AB1C0653-45F3-4A06-9CA3-007674DB155E}.Release|x86.Build.0 = Release|Any CPU
	EndGlobalSection
	GlobalSection(SolutionProperties) = preSolution
		HideSolutionNode = FALSE
	EndGlobalSection
	GlobalSection(ExtensibilityGlobals) = postSolution
		SolutionGuid = {515DBBE4-5E41-4135-A4A9-2181461522F2}
	EndGlobalSection
EndGlobal
