
Microsoft Visual Studio Solution File, Format Version 12.00
# Visual Studio Version 16
VisualStudioVersion = 16.0.31729.503
MinimumVisualStudioVersion = 10.0.40219.1
Project("{F184B08F-C81C-45F6-A57F-5ABD9991F28F}") = "Studio.Config.DAL", "..\Net\Config\DAL\Studio.Config.DAL.vbproj", "{846BCE8E-8D71-44C6-9446-F629E89CCD4A}"
EndProject
Project("{F184B08F-C81C-45F6-A57F-5ABD9991F28F}") = "Studio.Net.Helper", "..\Net\Helper\Studio.Net.Helper.vbproj", "{87DE56BD-FE48-46C4-851B-921019DCCB59}"
EndProject
Project("{FAE04EC0-301F-11D3-BF4B-00C04F79EFBC}") = "Studio.Net.CHelper", "..\Net\CHelper\Studio.Net.CHelper\Studio.Net.CHelper.csproj", "{1574CA60-95D9-48EC-A9DF-E285A761DDD4}"
EndProject
Project("{F184B08F-C81C-45F6-A57F-5ABD9991F28F}") = "Studio.Config.BLL", "..\Net\Config\BLL\Studio.Config.BLL.vbproj", "{0AE7C8B6-B65A-4521-93CD-78BABDF606CB}"
EndProject
Project("{F184B08F-C81C-45F6-A57F-5ABD9991F28F}") = "Studio.Net.BLL", "..\Net\BLL\Studio.Net.BLL.vbproj", "{A1E22B01-3C2A-4D52-8D7C-37F1ECA5D286}"
EndProject
Project("{FAE04EC0-301F-11D3-BF4B-00C04F79EFBC}") = "Studio.Net.Printing", "..\Net\Printing\Studio.Net.Printing.csproj", "{9D01412C-8369-4A6E-86D1-756B75BCF0E6}"
EndProject
Project("{F184B08F-C81C-45F6-A57F-5ABD9991F28F}") = "Studio.Net.Printing.Format", "..\Net\Printing\Format\Studio.Net.Printing.Format.vbproj", "{435A7DE9-4CD6-4EBA-ABCB-31020E28E295}"
EndProject
Project("{F184B08F-C81C-45F6-A57F-5ABD9991F28F}") = "Studio.Net.Reporting", "..\Net\Reporting\Studio.Net.Reporting.vbproj", "{278F7259-C866-4FEC-A4AF-CFBDCE58B303}"
EndProject
Project("{F184B08F-C81C-45F6-A57F-5ABD9991F28F}") = "Studio.Phone.BLL", "..\Phone\BLL\Studio.Phone.BLL.vbproj", "{38E4A782-CDDD-4775-9DAD-B93AF55E7356}"
EndProject
Project("{F184B08F-C81C-45F6-A57F-5ABD9991F28F}") = "Studio.Phone.DAL", "..\Phone\DAL\Studio.Phone.DAL.vbproj", "{9782069C-A4A9-40F2-B66E-91EDF3ED6355}"
EndProject
Project("{F184B08F-C81C-45F6-A57F-5ABD9991F28F}") = "Studio.Phone.DALDBSpecific", "..\Phone\DAL\Studio.Phone.DALDBSpecific.vbproj", "{BDCE61DF-8425-4CF1-B309-F4709339C9A8}"
EndProject
Project("{F184B08F-C81C-45F6-A57F-5ABD9991F28F}") = "Studio.Net.Plugins", "..\Net\Plugins\Studio.Net.Plugins.vbproj", "{AF2B15B9-103C-4A82-ADD2-C914A6122DFE}"
EndProject
Project("{F184B08F-C81C-45F6-A57F-5ABD9991F28F}") = "Studio.Phone.Remoting.Services", "..\Phone\Traffic\Studio.Phone.Remoting.Services.vbproj", "{C3850255-66C2-4FDB-AB33-03B5C7CAE6AF}"
EndProject
Project("{F184B08F-C81C-45F6-A57F-5ABD9991F28F}") = "Studio.Phone.Plugins", "..\Phone\Plugins\Studio.Phone.Plugins.vbproj", "{4FF8BE8D-B71C-44C1-B50D-E8016D8485DE}"
EndProject
Project("{F184B08F-C81C-45F6-A57F-5ABD9991F28F}") = "Studio.Config.DALDBSpecific", "..\Net\Config\DAL\Studio.Config.DALDBSpecific.vbproj", "{D130D1D2-CDF4-4BFD-BD05-800DDFEB12FF}"
EndProject
Project("{F184B08F-C81C-45F6-A57F-5ABD9991F28F}") = "Studio.Phone.MyControls", "..\Phone\MyControls\Studio.Phone.MyControls.vbproj", "{6E940E1B-3ADA-48C0-B55F-A3F5A3F2A683}"
EndProject
Project("{F184B08F-C81C-45F6-A57F-5ABD9991F28F}") = "Studio.Phone.BLL.Validation", "..\Phone\BLL\Extensions\Validation\Studio.Phone.BLL.Validation\Studio.Phone.BLL.Validation.vbproj", "{1DCB8862-5AB3-4566-B448-0042E2452E9F}"
EndProject
Project("{F184B08F-C81C-45F6-A57F-5ABD9991F28F}") = "Studio.Net.Controls.New", "..\Net\Controls.New\Studio.Net.Controls.New.vbproj", "{1AB951A1-13BF-416E-9C48-7ED524F7298F}"
EndProject
Project("{F184B08F-C81C-45F6-A57F-5ABD9991F28F}") = "Studio.Phone.Reporting", "..\Phone\Reports\Studio.Phone.Reporting.vbproj", "{984AE3C4-0BD5-419C-BD58-748AAEB3A727}"
EndProject
Project("{FAE04EC0-301F-11D3-BF4B-00C04F79EFBC}") = "ORMSupportClasses", "..\LLBLGenPro\3.5\Frameworks\LLBLGen Pro\RuntimeLibraries\ORMSupportClasses\ORMSupportClasses.csproj", "{000E1525-6CFC-4690-99A7-6222801D5F5E}"
EndProject
Project("{FAE04EC0-301F-11D3-BF4B-00C04F79EFBC}") = "LinqSupportClasses", "..\LLBLGenPro\3.5\Frameworks\LLBLGen Pro\RuntimeLibraries\LinqSupportClasses\LinqSupportClasses.csproj", "{468B9D59-4B42-4DEA-B039-3DE8E0EC21E8}"
EndProject
Project("{FAE04EC0-301F-11D3-BF4B-00C04F79EFBC}") = "QuerySpec", "..\LLBLGenPro\3.5\Frameworks\LLBLGen Pro\RuntimeLibraries\QuerySpec\QuerySpec.csproj", "{35D34BB5-8B27-43FE-9B29-4C4D7EEDF78D}"
EndProject
Project("{FAE04EC0-301F-11D3-BF4B-00C04F79EFBC}") = "SqlServerDQE", "..\LLBLGenPro\3.5\Frameworks\LLBLGen Pro\RuntimeLibraries\SqlServerDQE\SqlServerDQE.csproj", "{E13E1705-16BA-4A6F-9B0C-A1ED6E575169}"
EndProject
Project("{F184B08F-C81C-45F6-A57F-5ABD9991F28F}") = "Drako.FE.Common", "..\Drako.FE\Drako.FE.Common\Drako.FE.Common.vbproj", "{1D2A75AE-2457-47F5-9211-235607AFDF8A}"
EndProject
Project("{F184B08F-C81C-45F6-A57F-5ABD9991F28F}") = "Studio.Phone.Controls.New", "..\Phone\Controls.New\Studio.Phone.Controls.New.vbproj", "{B8AB217F-C48E-49F6-AB2F-CBA070F9985D}"
EndProject
Project("{FAE04EC0-301F-11D3-BF4B-00C04F79EFBC}") = "QRCodeLib2", "..\Drako.FE\QRCode\QRCodeLib\QRCodeLib2.csproj", "{4E338E06-A304-4F5B-89C2-ED714CFFB56E}"
EndProject
Project("{F184B08F-C81C-45F6-A57F-5ABD9991F28F}") = "Studio.Vision.Plugins.Telko.ADM", "Plugins\Studio.Vision.Plugins.Telko.ADM\Studio.Vision.Plugins.Telko.ADM.vbproj", "{AC8B00C1-DCDD-448E-8354-416F22F11DCD}"
EndProject
Project("{F184B08F-C81C-45F6-A57F-5ABD9991F28F}") = "Studio.Vision.BLL.F", "BLL\Studio.Vision.BLL.F.vbproj", "{5B4293F8-6C20-4D4A-9FC4-110A08606EE0}"
EndProject
Project("{F184B08F-C81C-45F6-A57F-5ABD9991F28F}") = "Studio.Vision.BLL.Validation.F", "BLL\Validation\Studio.Vision.BLL.Validation.F.vbproj", "{24240F96-FBAC-4F2A-B70D-B008297E6BE3}"
EndProject
Project("{F184B08F-C81C-45F6-A57F-5ABD9991F28F}") = "Studio.Vision.Controls.F", "Control\Studio.Vision.Controls.F.vbproj", "{FE76268D-FFFC-4113-8AF2-3CA56836CC81}"
EndProject
Project("{F184B08F-C81C-45F6-A57F-5ABD9991F28F}") = "Studio.Vision.Exe.F", "Exe\Studio.Vision.Exe.F.vbproj", "{18335A03-E602-43BE-87C7-C3D2C9ED5193}"
EndProject
Global
	GlobalSection(SolutionConfigurationPlatforms) = preSolution
		CD_ROM|Any CPU = CD_ROM|Any CPU
		CD_ROM|Itanium = CD_ROM|Itanium
		CD_ROM|Mixed Platforms = CD_ROM|Mixed Platforms
		CD_ROM|x64 = CD_ROM|x64
		CD_ROM|x86 = CD_ROM|x86
		Debug|Any CPU = Debug|Any CPU
		Debug|Itanium = Debug|Itanium
		Debug|Mixed Platforms = Debug|Mixed Platforms
		Debug|x64 = Debug|x64
		Debug|x86 = Debug|x86
		Release|Any CPU = Release|Any CPU
		Release|Itanium = Release|Itanium
		Release|Mixed Platforms = Release|Mixed Platforms
		Release|x64 = Release|x64
		Release|x86 = Release|x86
	EndGlobalSection
	GlobalSection(ProjectConfigurationPlatforms) = postSolution
		{846BCE8E-8D71-44C6-9446-F629E89CCD4A}.CD_ROM|Any CPU.ActiveCfg = Release|Any CPU
		{846BCE8E-8D71-44C6-9446-F629E89CCD4A}.CD_ROM|Any CPU.Build.0 = Release|Any CPU
		{846BCE8E-8D71-44C6-9446-F629E89CCD4A}.CD_ROM|Itanium.ActiveCfg = Release|Any CPU
		{846BCE8E-8D71-44C6-9446-F629E89CCD4A}.CD_ROM|Mixed Platforms.ActiveCfg = Release|x86
		{846BCE8E-8D71-44C6-9446-F629E89CCD4A}.CD_ROM|Mixed Platforms.Build.0 = Release|x86
		{846BCE8E-8D71-44C6-9446-F629E89CCD4A}.CD_ROM|x64.ActiveCfg = Release|x64
		{846BCE8E-8D71-44C6-9446-F629E89CCD4A}.CD_ROM|x64.Build.0 = Release|x64
		{846BCE8E-8D71-44C6-9446-F629E89CCD4A}.CD_ROM|x86.ActiveCfg = Release|x86
		{846BCE8E-8D71-44C6-9446-F629E89CCD4A}.CD_ROM|x86.Build.0 = Release|x86
		{846BCE8E-8D71-44C6-9446-F629E89CCD4A}.Debug|Any CPU.ActiveCfg = Debug|Any CPU
		{846BCE8E-8D71-44C6-9446-F629E89CCD4A}.Debug|Any CPU.Build.0 = Debug|Any CPU
		{846BCE8E-8D71-44C6-9446-F629E89CCD4A}.Debug|Itanium.ActiveCfg = Debug|Any CPU
		{846BCE8E-8D71-44C6-9446-F629E89CCD4A}.Debug|Mixed Platforms.ActiveCfg = Debug|Any CPU
		{846BCE8E-8D71-44C6-9446-F629E89CCD4A}.Debug|Mixed Platforms.Build.0 = Debug|Any CPU
		{846BCE8E-8D71-44C6-9446-F629E89CCD4A}.Debug|x64.ActiveCfg = Debug|x64
		{846BCE8E-8D71-44C6-9446-F629E89CCD4A}.Debug|x64.Build.0 = Debug|x64
		{846BCE8E-8D71-44C6-9446-F629E89CCD4A}.Debug|x86.ActiveCfg = Debug|x86
		{846BCE8E-8D71-44C6-9446-F629E89CCD4A}.Debug|x86.Build.0 = Debug|x86
		{846BCE8E-8D71-44C6-9446-F629E89CCD4A}.Release|Any CPU.ActiveCfg = Release|Any CPU
		{846BCE8E-8D71-44C6-9446-F629E89CCD4A}.Release|Any CPU.Build.0 = Release|Any CPU
		{846BCE8E-8D71-44C6-9446-F629E89CCD4A}.Release|Itanium.ActiveCfg = Release|x86
		{846BCE8E-8D71-44C6-9446-F629E89CCD4A}.Release|Mixed Platforms.ActiveCfg = Release|x86
		{846BCE8E-8D71-44C6-9446-F629E89CCD4A}.Release|Mixed Platforms.Build.0 = Release|x86
		{846BCE8E-8D71-44C6-9446-F629E89CCD4A}.Release|x64.ActiveCfg = Release|x64
		{846BCE8E-8D71-44C6-9446-F629E89CCD4A}.Release|x64.Build.0 = Release|x64
		{846BCE8E-8D71-44C6-9446-F629E89CCD4A}.Release|x86.ActiveCfg = Release|x86
		{846BCE8E-8D71-44C6-9446-F629E89CCD4A}.Release|x86.Build.0 = Release|x86
		{87DE56BD-FE48-46C4-851B-921019DCCB59}.CD_ROM|Any CPU.ActiveCfg = Test|Any CPU
		{87DE56BD-FE48-46C4-851B-921019DCCB59}.CD_ROM|Any CPU.Build.0 = Test|Any CPU
		{87DE56BD-FE48-46C4-851B-921019DCCB59}.CD_ROM|Itanium.ActiveCfg = Test|Any CPU
		{87DE56BD-FE48-46C4-851B-921019DCCB59}.CD_ROM|Mixed Platforms.ActiveCfg = Test|x86
		{87DE56BD-FE48-46C4-851B-921019DCCB59}.CD_ROM|Mixed Platforms.Build.0 = Test|x86
		{87DE56BD-FE48-46C4-851B-921019DCCB59}.CD_ROM|x64.ActiveCfg = Test|x64
		{87DE56BD-FE48-46C4-851B-921019DCCB59}.CD_ROM|x64.Build.0 = Test|x64
		{87DE56BD-FE48-46C4-851B-921019DCCB59}.CD_ROM|x86.ActiveCfg = Test|x86
		{87DE56BD-FE48-46C4-851B-921019DCCB59}.CD_ROM|x86.Build.0 = Test|x86
		{87DE56BD-FE48-46C4-851B-921019DCCB59}.Debug|Any CPU.ActiveCfg = Debug|Any CPU
		{87DE56BD-FE48-46C4-851B-921019DCCB59}.Debug|Any CPU.Build.0 = Debug|Any CPU
		{87DE56BD-FE48-46C4-851B-921019DCCB59}.Debug|Itanium.ActiveCfg = Debug|Any CPU
		{87DE56BD-FE48-46C4-851B-921019DCCB59}.Debug|Mixed Platforms.ActiveCfg = Debug|x86
		{87DE56BD-FE48-46C4-851B-921019DCCB59}.Debug|Mixed Platforms.Build.0 = Debug|x86
		{87DE56BD-FE48-46C4-851B-921019DCCB59}.Debug|x64.ActiveCfg = Debug|x64
		{87DE56BD-FE48-46C4-851B-921019DCCB59}.Debug|x64.Build.0 = Debug|x64
		{87DE56BD-FE48-46C4-851B-921019DCCB59}.Debug|x86.ActiveCfg = Debug|x86
		{87DE56BD-FE48-46C4-851B-921019DCCB59}.Debug|x86.Build.0 = Debug|x86
		{87DE56BD-FE48-46C4-851B-921019DCCB59}.Release|Any CPU.ActiveCfg = Release|Any CPU
		{87DE56BD-FE48-46C4-851B-921019DCCB59}.Release|Any CPU.Build.0 = Release|Any CPU
		{87DE56BD-FE48-46C4-851B-921019DCCB59}.Release|Itanium.ActiveCfg = Release|x86
		{87DE56BD-FE48-46C4-851B-921019DCCB59}.Release|Mixed Platforms.ActiveCfg = Release|x86
		{87DE56BD-FE48-46C4-851B-921019DCCB59}.Release|Mixed Platforms.Build.0 = Release|x86
		{87DE56BD-FE48-46C4-851B-921019DCCB59}.Release|x64.ActiveCfg = Release|x64
		{87DE56BD-FE48-46C4-851B-921019DCCB59}.Release|x64.Build.0 = Release|x64
		{87DE56BD-FE48-46C4-851B-921019DCCB59}.Release|x86.ActiveCfg = Release|x86
		{87DE56BD-FE48-46C4-851B-921019DCCB59}.Release|x86.Build.0 = Release|x86
		{1574CA60-95D9-48EC-A9DF-E285A761DDD4}.CD_ROM|Any CPU.ActiveCfg = Release|Any CPU
		{1574CA60-95D9-48EC-A9DF-E285A761DDD4}.CD_ROM|Any CPU.Build.0 = Release|Any CPU
		{1574CA60-95D9-48EC-A9DF-E285A761DDD4}.CD_ROM|Itanium.ActiveCfg = Release|Any CPU
		{1574CA60-95D9-48EC-A9DF-E285A761DDD4}.CD_ROM|Mixed Platforms.ActiveCfg = Release|x86
		{1574CA60-95D9-48EC-A9DF-E285A761DDD4}.CD_ROM|Mixed Platforms.Build.0 = Release|x86
		{1574CA60-95D9-48EC-A9DF-E285A761DDD4}.CD_ROM|x64.ActiveCfg = Release|x64
		{1574CA60-95D9-48EC-A9DF-E285A761DDD4}.CD_ROM|x64.Build.0 = Release|x64
		{1574CA60-95D9-48EC-A9DF-E285A761DDD4}.CD_ROM|x86.ActiveCfg = Release|x86
		{1574CA60-95D9-48EC-A9DF-E285A761DDD4}.CD_ROM|x86.Build.0 = Release|x86
		{1574CA60-95D9-48EC-A9DF-E285A761DDD4}.Debug|Any CPU.ActiveCfg = Debug|Any CPU
		{1574CA60-95D9-48EC-A9DF-E285A761DDD4}.Debug|Any CPU.Build.0 = Debug|Any CPU
		{1574CA60-95D9-48EC-A9DF-E285A761DDD4}.Debug|Itanium.ActiveCfg = Debug|Any CPU
		{1574CA60-95D9-48EC-A9DF-E285A761DDD4}.Debug|Mixed Platforms.ActiveCfg = Debug|x86
		{1574CA60-95D9-48EC-A9DF-E285A761DDD4}.Debug|Mixed Platforms.Build.0 = Debug|x86
		{1574CA60-95D9-48EC-A9DF-E285A761DDD4}.Debug|x64.ActiveCfg = Debug|x64
		{1574CA60-95D9-48EC-A9DF-E285A761DDD4}.Debug|x64.Build.0 = Debug|x64
		{1574CA60-95D9-48EC-A9DF-E285A761DDD4}.Debug|x86.ActiveCfg = Debug|x86
		{1574CA60-95D9-48EC-A9DF-E285A761DDD4}.Debug|x86.Build.0 = Debug|x86
		{1574CA60-95D9-48EC-A9DF-E285A761DDD4}.Release|Any CPU.ActiveCfg = Release|Any CPU
		{1574CA60-95D9-48EC-A9DF-E285A761DDD4}.Release|Any CPU.Build.0 = Release|Any CPU
		{1574CA60-95D9-48EC-A9DF-E285A761DDD4}.Release|Itanium.ActiveCfg = Release|x86
		{1574CA60-95D9-48EC-A9DF-E285A761DDD4}.Release|Mixed Platforms.ActiveCfg = Release|x86
		{1574CA60-95D9-48EC-A9DF-E285A761DDD4}.Release|Mixed Platforms.Build.0 = Release|x86
		{1574CA60-95D9-48EC-A9DF-E285A761DDD4}.Release|x64.ActiveCfg = Release|x64
		{1574CA60-95D9-48EC-A9DF-E285A761DDD4}.Release|x64.Build.0 = Release|x64
		{1574CA60-95D9-48EC-A9DF-E285A761DDD4}.Release|x86.ActiveCfg = Release|x86
		{1574CA60-95D9-48EC-A9DF-E285A761DDD4}.Release|x86.Build.0 = Release|x86
		{0AE7C8B6-B65A-4521-93CD-78BABDF606CB}.CD_ROM|Any CPU.ActiveCfg = Release|Any CPU
		{0AE7C8B6-B65A-4521-93CD-78BABDF606CB}.CD_ROM|Any CPU.Build.0 = Release|Any CPU
		{0AE7C8B6-B65A-4521-93CD-78BABDF606CB}.CD_ROM|Itanium.ActiveCfg = Release|Any CPU
		{0AE7C8B6-B65A-4521-93CD-78BABDF606CB}.CD_ROM|Mixed Platforms.ActiveCfg = Release|x86
		{0AE7C8B6-B65A-4521-93CD-78BABDF606CB}.CD_ROM|Mixed Platforms.Build.0 = Release|x86
		{0AE7C8B6-B65A-4521-93CD-78BABDF606CB}.CD_ROM|x64.ActiveCfg = Release|x64
		{0AE7C8B6-B65A-4521-93CD-78BABDF606CB}.CD_ROM|x64.Build.0 = Release|x64
		{0AE7C8B6-B65A-4521-93CD-78BABDF606CB}.CD_ROM|x86.ActiveCfg = Release|x86
		{0AE7C8B6-B65A-4521-93CD-78BABDF606CB}.CD_ROM|x86.Build.0 = Release|x86
		{0AE7C8B6-B65A-4521-93CD-78BABDF606CB}.Debug|Any CPU.ActiveCfg = Debug|Any CPU
		{0AE7C8B6-B65A-4521-93CD-78BABDF606CB}.Debug|Any CPU.Build.0 = Debug|Any CPU
		{0AE7C8B6-B65A-4521-93CD-78BABDF606CB}.Debug|Itanium.ActiveCfg = Debug|Any CPU
		{0AE7C8B6-B65A-4521-93CD-78BABDF606CB}.Debug|Mixed Platforms.ActiveCfg = Debug|x86
		{0AE7C8B6-B65A-4521-93CD-78BABDF606CB}.Debug|Mixed Platforms.Build.0 = Debug|x86
		{0AE7C8B6-B65A-4521-93CD-78BABDF606CB}.Debug|x64.ActiveCfg = Debug|x64
		{0AE7C8B6-B65A-4521-93CD-78BABDF606CB}.Debug|x64.Build.0 = Debug|x64
		{0AE7C8B6-B65A-4521-93CD-78BABDF606CB}.Debug|x86.ActiveCfg = Debug|x86
		{0AE7C8B6-B65A-4521-93CD-78BABDF606CB}.Debug|x86.Build.0 = Debug|x86
		{0AE7C8B6-B65A-4521-93CD-78BABDF606CB}.Release|Any CPU.ActiveCfg = Release|Any CPU
		{0AE7C8B6-B65A-4521-93CD-78BABDF606CB}.Release|Any CPU.Build.0 = Release|Any CPU
		{0AE7C8B6-B65A-4521-93CD-78BABDF606CB}.Release|Itanium.ActiveCfg = Release|x86
		{0AE7C8B6-B65A-4521-93CD-78BABDF606CB}.Release|Mixed Platforms.ActiveCfg = Release|x86
		{0AE7C8B6-B65A-4521-93CD-78BABDF606CB}.Release|Mixed Platforms.Build.0 = Release|x86
		{0AE7C8B6-B65A-4521-93CD-78BABDF606CB}.Release|x64.ActiveCfg = Release|x64
		{0AE7C8B6-B65A-4521-93CD-78BABDF606CB}.Release|x64.Build.0 = Release|x64
		{0AE7C8B6-B65A-4521-93CD-78BABDF606CB}.Release|x86.ActiveCfg = Release|x86
		{0AE7C8B6-B65A-4521-93CD-78BABDF606CB}.Release|x86.Build.0 = Release|x86
		{A1E22B01-3C2A-4D52-8D7C-37F1ECA5D286}.CD_ROM|Any CPU.ActiveCfg = Test|Any CPU
		{A1E22B01-3C2A-4D52-8D7C-37F1ECA5D286}.CD_ROM|Any CPU.Build.0 = Test|Any CPU
		{A1E22B01-3C2A-4D52-8D7C-37F1ECA5D286}.CD_ROM|Itanium.ActiveCfg = Test|Any CPU
		{A1E22B01-3C2A-4D52-8D7C-37F1ECA5D286}.CD_ROM|Mixed Platforms.ActiveCfg = Test|x86
		{A1E22B01-3C2A-4D52-8D7C-37F1ECA5D286}.CD_ROM|Mixed Platforms.Build.0 = Test|x86
		{A1E22B01-3C2A-4D52-8D7C-37F1ECA5D286}.CD_ROM|x64.ActiveCfg = Test|x64
		{A1E22B01-3C2A-4D52-8D7C-37F1ECA5D286}.CD_ROM|x64.Build.0 = Test|x64
		{A1E22B01-3C2A-4D52-8D7C-37F1ECA5D286}.CD_ROM|x86.ActiveCfg = Test|x86
		{A1E22B01-3C2A-4D52-8D7C-37F1ECA5D286}.CD_ROM|x86.Build.0 = Test|x86
		{A1E22B01-3C2A-4D52-8D7C-37F1ECA5D286}.Debug|Any CPU.ActiveCfg = Debug|Any CPU
		{A1E22B01-3C2A-4D52-8D7C-37F1ECA5D286}.Debug|Any CPU.Build.0 = Debug|Any CPU
		{A1E22B01-3C2A-4D52-8D7C-37F1ECA5D286}.Debug|Itanium.ActiveCfg = Debug|Any CPU
		{A1E22B01-3C2A-4D52-8D7C-37F1ECA5D286}.Debug|Mixed Platforms.ActiveCfg = Debug|x86
		{A1E22B01-3C2A-4D52-8D7C-37F1ECA5D286}.Debug|Mixed Platforms.Build.0 = Debug|x86
		{A1E22B01-3C2A-4D52-8D7C-37F1ECA5D286}.Debug|x64.ActiveCfg = Debug|x64
		{A1E22B01-3C2A-4D52-8D7C-37F1ECA5D286}.Debug|x64.Build.0 = Debug|x64
		{A1E22B01-3C2A-4D52-8D7C-37F1ECA5D286}.Debug|x86.ActiveCfg = Debug|x86
		{A1E22B01-3C2A-4D52-8D7C-37F1ECA5D286}.Debug|x86.Build.0 = Debug|x86
		{A1E22B01-3C2A-4D52-8D7C-37F1ECA5D286}.Release|Any CPU.ActiveCfg = Release|Any CPU
		{A1E22B01-3C2A-4D52-8D7C-37F1ECA5D286}.Release|Any CPU.Build.0 = Release|Any CPU
		{A1E22B01-3C2A-4D52-8D7C-37F1ECA5D286}.Release|Itanium.ActiveCfg = Release|x86
		{A1E22B01-3C2A-4D52-8D7C-37F1ECA5D286}.Release|Mixed Platforms.ActiveCfg = Release|x86
		{A1E22B01-3C2A-4D52-8D7C-37F1ECA5D286}.Release|Mixed Platforms.Build.0 = Release|x86
		{A1E22B01-3C2A-4D52-8D7C-37F1ECA5D286}.Release|x64.ActiveCfg = Release|x64
		{A1E22B01-3C2A-4D52-8D7C-37F1ECA5D286}.Release|x64.Build.0 = Release|x64
		{A1E22B01-3C2A-4D52-8D7C-37F1ECA5D286}.Release|x86.ActiveCfg = Release|x86
		{A1E22B01-3C2A-4D52-8D7C-37F1ECA5D286}.Release|x86.Build.0 = Release|x86
		{9D01412C-8369-4A6E-86D1-756B75BCF0E6}.CD_ROM|Any CPU.ActiveCfg = Release|Any CPU
		{9D01412C-8369-4A6E-86D1-756B75BCF0E6}.CD_ROM|Any CPU.Build.0 = Release|Any CPU
		{9D01412C-8369-4A6E-86D1-756B75BCF0E6}.CD_ROM|Itanium.ActiveCfg = Release|Any CPU
		{9D01412C-8369-4A6E-86D1-756B75BCF0E6}.CD_ROM|Mixed Platforms.ActiveCfg = Release|x86
		{9D01412C-8369-4A6E-86D1-756B75BCF0E6}.CD_ROM|Mixed Platforms.Build.0 = Release|x86
		{9D01412C-8369-4A6E-86D1-756B75BCF0E6}.CD_ROM|x64.ActiveCfg = Release|x64
		{9D01412C-8369-4A6E-86D1-756B75BCF0E6}.CD_ROM|x64.Build.0 = Release|x64
		{9D01412C-8369-4A6E-86D1-756B75BCF0E6}.CD_ROM|x86.ActiveCfg = Release|x86
		{9D01412C-8369-4A6E-86D1-756B75BCF0E6}.CD_ROM|x86.Build.0 = Release|x86
		{9D01412C-8369-4A6E-86D1-756B75BCF0E6}.Debug|Any CPU.ActiveCfg = Debug|Any CPU
		{9D01412C-8369-4A6E-86D1-756B75BCF0E6}.Debug|Any CPU.Build.0 = Debug|Any CPU
		{9D01412C-8369-4A6E-86D1-756B75BCF0E6}.Debug|Itanium.ActiveCfg = Debug|Any CPU
		{9D01412C-8369-4A6E-86D1-756B75BCF0E6}.Debug|Mixed Platforms.ActiveCfg = Debug|x86
		{9D01412C-8369-4A6E-86D1-756B75BCF0E6}.Debug|Mixed Platforms.Build.0 = Debug|x86
		{9D01412C-8369-4A6E-86D1-756B75BCF0E6}.Debug|x64.ActiveCfg = Debug|x64
		{9D01412C-8369-4A6E-86D1-756B75BCF0E6}.Debug|x64.Build.0 = Debug|x64
		{9D01412C-8369-4A6E-86D1-756B75BCF0E6}.Debug|x86.ActiveCfg = Debug|x86
		{9D01412C-8369-4A6E-86D1-756B75BCF0E6}.Debug|x86.Build.0 = Debug|x86
		{9D01412C-8369-4A6E-86D1-756B75BCF0E6}.Release|Any CPU.ActiveCfg = Release|Any CPU
		{9D01412C-8369-4A6E-86D1-756B75BCF0E6}.Release|Any CPU.Build.0 = Release|Any CPU
		{9D01412C-8369-4A6E-86D1-756B75BCF0E6}.Release|Itanium.ActiveCfg = Release|x86
		{9D01412C-8369-4A6E-86D1-756B75BCF0E6}.Release|Mixed Platforms.ActiveCfg = Release|x86
		{9D01412C-8369-4A6E-86D1-756B75BCF0E6}.Release|Mixed Platforms.Build.0 = Release|x86
		{9D01412C-8369-4A6E-86D1-756B75BCF0E6}.Release|x64.ActiveCfg = Release|x64
		{9D01412C-8369-4A6E-86D1-756B75BCF0E6}.Release|x64.Build.0 = Release|x64
		{9D01412C-8369-4A6E-86D1-756B75BCF0E6}.Release|x86.ActiveCfg = Release|x86
		{9D01412C-8369-4A6E-86D1-756B75BCF0E6}.Release|x86.Build.0 = Release|x86
		{435A7DE9-4CD6-4EBA-ABCB-31020E28E295}.CD_ROM|Any CPU.ActiveCfg = Release|Any CPU
		{435A7DE9-4CD6-4EBA-ABCB-31020E28E295}.CD_ROM|Any CPU.Build.0 = Release|Any CPU
		{435A7DE9-4CD6-4EBA-ABCB-31020E28E295}.CD_ROM|Itanium.ActiveCfg = Release|Any CPU
		{435A7DE9-4CD6-4EBA-ABCB-31020E28E295}.CD_ROM|Mixed Platforms.ActiveCfg = Release|x86
		{435A7DE9-4CD6-4EBA-ABCB-31020E28E295}.CD_ROM|Mixed Platforms.Build.0 = Release|x86
		{435A7DE9-4CD6-4EBA-ABCB-31020E28E295}.CD_ROM|x64.ActiveCfg = Release|x64
		{435A7DE9-4CD6-4EBA-ABCB-31020E28E295}.CD_ROM|x64.Build.0 = Release|x64
		{435A7DE9-4CD6-4EBA-ABCB-31020E28E295}.CD_ROM|x86.ActiveCfg = Release|x86
		{435A7DE9-4CD6-4EBA-ABCB-31020E28E295}.CD_ROM|x86.Build.0 = Release|x86
		{435A7DE9-4CD6-4EBA-ABCB-31020E28E295}.Debug|Any CPU.ActiveCfg = Debug|Any CPU
		{435A7DE9-4CD6-4EBA-ABCB-31020E28E295}.Debug|Any CPU.Build.0 = Debug|Any CPU
		{435A7DE9-4CD6-4EBA-ABCB-31020E28E295}.Debug|Itanium.ActiveCfg = Debug|Any CPU
		{435A7DE9-4CD6-4EBA-ABCB-31020E28E295}.Debug|Mixed Platforms.ActiveCfg = Debug|x86
		{435A7DE9-4CD6-4EBA-ABCB-31020E28E295}.Debug|Mixed Platforms.Build.0 = Debug|x86
		{435A7DE9-4CD6-4EBA-ABCB-31020E28E295}.Debug|x64.ActiveCfg = Debug|x64
		{435A7DE9-4CD6-4EBA-ABCB-31020E28E295}.Debug|x64.Build.0 = Debug|x64
		{435A7DE9-4CD6-4EBA-ABCB-31020E28E295}.Debug|x86.ActiveCfg = Debug|x86
		{435A7DE9-4CD6-4EBA-ABCB-31020E28E295}.Debug|x86.Build.0 = Debug|x86
		{435A7DE9-4CD6-4EBA-ABCB-31020E28E295}.Release|Any CPU.ActiveCfg = Release|Any CPU
		{435A7DE9-4CD6-4EBA-ABCB-31020E28E295}.Release|Any CPU.Build.0 = Release|Any CPU
		{435A7DE9-4CD6-4EBA-ABCB-31020E28E295}.Release|Itanium.ActiveCfg = Release|x86
		{435A7DE9-4CD6-4EBA-ABCB-31020E28E295}.Release|Mixed Platforms.ActiveCfg = Release|x86
		{435A7DE9-4CD6-4EBA-ABCB-31020E28E295}.Release|Mixed Platforms.Build.0 = Release|x86
		{435A7DE9-4CD6-4EBA-ABCB-31020E28E295}.Release|x64.ActiveCfg = Release|x64
		{435A7DE9-4CD6-4EBA-ABCB-31020E28E295}.Release|x64.Build.0 = Release|x64
		{435A7DE9-4CD6-4EBA-ABCB-31020E28E295}.Release|x86.ActiveCfg = Release|x86
		{435A7DE9-4CD6-4EBA-ABCB-31020E28E295}.Release|x86.Build.0 = Release|x86
		{278F7259-C866-4FEC-A4AF-CFBDCE58B303}.CD_ROM|Any CPU.ActiveCfg = Release|Any CPU
		{278F7259-C866-4FEC-A4AF-CFBDCE58B303}.CD_ROM|Any CPU.Build.0 = Release|Any CPU
		{278F7259-C866-4FEC-A4AF-CFBDCE58B303}.CD_ROM|Itanium.ActiveCfg = Release|Any CPU
		{278F7259-C866-4FEC-A4AF-CFBDCE58B303}.CD_ROM|Mixed Platforms.ActiveCfg = Release|x86
		{278F7259-C866-4FEC-A4AF-CFBDCE58B303}.CD_ROM|Mixed Platforms.Build.0 = Release|x86
		{278F7259-C866-4FEC-A4AF-CFBDCE58B303}.CD_ROM|x64.ActiveCfg = Debug|Any CPU
		{278F7259-C866-4FEC-A4AF-CFBDCE58B303}.CD_ROM|x86.ActiveCfg = Release|x86
		{278F7259-C866-4FEC-A4AF-CFBDCE58B303}.CD_ROM|x86.Build.0 = Release|x86
		{278F7259-C866-4FEC-A4AF-CFBDCE58B303}.Debug|Any CPU.ActiveCfg = Debug|Any CPU
		{278F7259-C866-4FEC-A4AF-CFBDCE58B303}.Debug|Any CPU.Build.0 = Debug|Any CPU
		{278F7259-C866-4FEC-A4AF-CFBDCE58B303}.Debug|Itanium.ActiveCfg = Debug|Any CPU
		{278F7259-C866-4FEC-A4AF-CFBDCE58B303}.Debug|Mixed Platforms.ActiveCfg = Debug|x86
		{278F7259-C866-4FEC-A4AF-CFBDCE58B303}.Debug|Mixed Platforms.Build.0 = Debug|x86
		{278F7259-C866-4FEC-A4AF-CFBDCE58B303}.Debug|x64.ActiveCfg = Debug|Any CPU
		{278F7259-C866-4FEC-A4AF-CFBDCE58B303}.Debug|x86.ActiveCfg = Debug|x86
		{278F7259-C866-4FEC-A4AF-CFBDCE58B303}.Debug|x86.Build.0 = Debug|x86
		{278F7259-C866-4FEC-A4AF-CFBDCE58B303}.Release|Any CPU.ActiveCfg = Release|Any CPU
		{278F7259-C866-4FEC-A4AF-CFBDCE58B303}.Release|Any CPU.Build.0 = Release|Any CPU
		{278F7259-C866-4FEC-A4AF-CFBDCE58B303}.Release|Itanium.ActiveCfg = Release|x86
		{278F7259-C866-4FEC-A4AF-CFBDCE58B303}.Release|Mixed Platforms.ActiveCfg = Release|x86
		{278F7259-C866-4FEC-A4AF-CFBDCE58B303}.Release|Mixed Platforms.Build.0 = Release|x86
		{278F7259-C866-4FEC-A4AF-CFBDCE58B303}.Release|x64.ActiveCfg = Release|Any CPU
		{278F7259-C866-4FEC-A4AF-CFBDCE58B303}.Release|x86.ActiveCfg = Release|x86
		{278F7259-C866-4FEC-A4AF-CFBDCE58B303}.Release|x86.Build.0 = Release|x86
		{38E4A782-CDDD-4775-9DAD-B93AF55E7356}.CD_ROM|Any CPU.ActiveCfg = Release|Any CPU
		{38E4A782-CDDD-4775-9DAD-B93AF55E7356}.CD_ROM|Any CPU.Build.0 = Release|Any CPU
		{38E4A782-CDDD-4775-9DAD-B93AF55E7356}.CD_ROM|Itanium.ActiveCfg = Release|Any CPU
		{38E4A782-CDDD-4775-9DAD-B93AF55E7356}.CD_ROM|Mixed Platforms.ActiveCfg = Release|x86
		{38E4A782-CDDD-4775-9DAD-B93AF55E7356}.CD_ROM|Mixed Platforms.Build.0 = Release|x86
		{38E4A782-CDDD-4775-9DAD-B93AF55E7356}.CD_ROM|x64.ActiveCfg = MIGRA|x64
		{38E4A782-CDDD-4775-9DAD-B93AF55E7356}.CD_ROM|x64.Build.0 = MIGRA|x64
		{38E4A782-CDDD-4775-9DAD-B93AF55E7356}.CD_ROM|x86.ActiveCfg = Release|x86
		{38E4A782-CDDD-4775-9DAD-B93AF55E7356}.CD_ROM|x86.Build.0 = Release|x86
		{38E4A782-CDDD-4775-9DAD-B93AF55E7356}.Debug|Any CPU.ActiveCfg = Debug|Any CPU
		{38E4A782-CDDD-4775-9DAD-B93AF55E7356}.Debug|Any CPU.Build.0 = Debug|Any CPU
		{38E4A782-CDDD-4775-9DAD-B93AF55E7356}.Debug|Itanium.ActiveCfg = Debug|Any CPU
		{38E4A782-CDDD-4775-9DAD-B93AF55E7356}.Debug|Mixed Platforms.ActiveCfg = Debug|x86
		{38E4A782-CDDD-4775-9DAD-B93AF55E7356}.Debug|Mixed Platforms.Build.0 = Debug|x86
		{38E4A782-CDDD-4775-9DAD-B93AF55E7356}.Debug|x64.ActiveCfg = Debug|x64
		{38E4A782-CDDD-4775-9DAD-B93AF55E7356}.Debug|x64.Build.0 = Debug|x64
		{38E4A782-CDDD-4775-9DAD-B93AF55E7356}.Debug|x86.ActiveCfg = Debug|x86
		{38E4A782-CDDD-4775-9DAD-B93AF55E7356}.Debug|x86.Build.0 = Debug|x86
		{38E4A782-CDDD-4775-9DAD-B93AF55E7356}.Release|Any CPU.ActiveCfg = Release|Any CPU
		{38E4A782-CDDD-4775-9DAD-B93AF55E7356}.Release|Any CPU.Build.0 = Release|Any CPU
		{38E4A782-CDDD-4775-9DAD-B93AF55E7356}.Release|Itanium.ActiveCfg = Release|x86
		{38E4A782-CDDD-4775-9DAD-B93AF55E7356}.Release|Mixed Platforms.ActiveCfg = Release|x86
		{38E4A782-CDDD-4775-9DAD-B93AF55E7356}.Release|Mixed Platforms.Build.0 = Release|x86
		{38E4A782-CDDD-4775-9DAD-B93AF55E7356}.Release|x64.ActiveCfg = Release|x64
		{38E4A782-CDDD-4775-9DAD-B93AF55E7356}.Release|x64.Build.0 = Release|x64
		{38E4A782-CDDD-4775-9DAD-B93AF55E7356}.Release|x86.ActiveCfg = Release|x86
		{38E4A782-CDDD-4775-9DAD-B93AF55E7356}.Release|x86.Build.0 = Release|x86
		{9782069C-A4A9-40F2-B66E-91EDF3ED6355}.CD_ROM|Any CPU.ActiveCfg = Release|Any CPU
		{9782069C-A4A9-40F2-B66E-91EDF3ED6355}.CD_ROM|Any CPU.Build.0 = Release|Any CPU
		{9782069C-A4A9-40F2-B66E-91EDF3ED6355}.CD_ROM|Itanium.ActiveCfg = Release|Any CPU
		{9782069C-A4A9-40F2-B66E-91EDF3ED6355}.CD_ROM|Mixed Platforms.ActiveCfg = Release|x86
		{9782069C-A4A9-40F2-B66E-91EDF3ED6355}.CD_ROM|Mixed Platforms.Build.0 = Release|x86
		{9782069C-A4A9-40F2-B66E-91EDF3ED6355}.CD_ROM|x64.ActiveCfg = Release|x64
		{9782069C-A4A9-40F2-B66E-91EDF3ED6355}.CD_ROM|x64.Build.0 = Release|x64
		{9782069C-A4A9-40F2-B66E-91EDF3ED6355}.CD_ROM|x86.ActiveCfg = Release|x86
		{9782069C-A4A9-40F2-B66E-91EDF3ED6355}.CD_ROM|x86.Build.0 = Release|x86
		{9782069C-A4A9-40F2-B66E-91EDF3ED6355}.Debug|Any CPU.ActiveCfg = Debug|Any CPU
		{9782069C-A4A9-40F2-B66E-91EDF3ED6355}.Debug|Any CPU.Build.0 = Debug|Any CPU
		{9782069C-A4A9-40F2-B66E-91EDF3ED6355}.Debug|Itanium.ActiveCfg = Debug|Any CPU
		{9782069C-A4A9-40F2-B66E-91EDF3ED6355}.Debug|Mixed Platforms.ActiveCfg = Debug|x86
		{9782069C-A4A9-40F2-B66E-91EDF3ED6355}.Debug|Mixed Platforms.Build.0 = Debug|x86
		{9782069C-A4A9-40F2-B66E-91EDF3ED6355}.Debug|x64.ActiveCfg = Debug|x64
		{9782069C-A4A9-40F2-B66E-91EDF3ED6355}.Debug|x64.Build.0 = Debug|x64
		{9782069C-A4A9-40F2-B66E-91EDF3ED6355}.Debug|x86.ActiveCfg = Debug|x86
		{9782069C-A4A9-40F2-B66E-91EDF3ED6355}.Debug|x86.Build.0 = Debug|x86
		{9782069C-A4A9-40F2-B66E-91EDF3ED6355}.Release|Any CPU.ActiveCfg = Release|Any CPU
		{9782069C-A4A9-40F2-B66E-91EDF3ED6355}.Release|Any CPU.Build.0 = Release|Any CPU
		{9782069C-A4A9-40F2-B66E-91EDF3ED6355}.Release|Itanium.ActiveCfg = Release|x86
		{9782069C-A4A9-40F2-B66E-91EDF3ED6355}.Release|Mixed Platforms.ActiveCfg = Release|x86
		{9782069C-A4A9-40F2-B66E-91EDF3ED6355}.Release|Mixed Platforms.Build.0 = Release|x86
		{9782069C-A4A9-40F2-B66E-91EDF3ED6355}.Release|x64.ActiveCfg = Release|x64
		{9782069C-A4A9-40F2-B66E-91EDF3ED6355}.Release|x64.Build.0 = Release|x64
		{9782069C-A4A9-40F2-B66E-91EDF3ED6355}.Release|x86.ActiveCfg = Release|x86
		{9782069C-A4A9-40F2-B66E-91EDF3ED6355}.Release|x86.Build.0 = Release|x86
		{BDCE61DF-8425-4CF1-B309-F4709339C9A8}.CD_ROM|Any CPU.ActiveCfg = Release|Any CPU
		{BDCE61DF-8425-4CF1-B309-F4709339C9A8}.CD_ROM|Any CPU.Build.0 = Release|Any CPU
		{BDCE61DF-8425-4CF1-B309-F4709339C9A8}.CD_ROM|Itanium.ActiveCfg = Release|Any CPU
		{BDCE61DF-8425-4CF1-B309-F4709339C9A8}.CD_ROM|Mixed Platforms.ActiveCfg = Release|x86
		{BDCE61DF-8425-4CF1-B309-F4709339C9A8}.CD_ROM|Mixed Platforms.Build.0 = Release|x86
		{BDCE61DF-8425-4CF1-B309-F4709339C9A8}.CD_ROM|x64.ActiveCfg = Release|x64
		{BDCE61DF-8425-4CF1-B309-F4709339C9A8}.CD_ROM|x64.Build.0 = Release|x64
		{BDCE61DF-8425-4CF1-B309-F4709339C9A8}.CD_ROM|x86.ActiveCfg = Release|x86
		{BDCE61DF-8425-4CF1-B309-F4709339C9A8}.CD_ROM|x86.Build.0 = Release|x86
		{BDCE61DF-8425-4CF1-B309-F4709339C9A8}.Debug|Any CPU.ActiveCfg = Debug|Any CPU
		{BDCE61DF-8425-4CF1-B309-F4709339C9A8}.Debug|Any CPU.Build.0 = Debug|Any CPU
		{BDCE61DF-8425-4CF1-B309-F4709339C9A8}.Debug|Itanium.ActiveCfg = Debug|Any CPU
		{BDCE61DF-8425-4CF1-B309-F4709339C9A8}.Debug|Mixed Platforms.ActiveCfg = Debug|x86
		{BDCE61DF-8425-4CF1-B309-F4709339C9A8}.Debug|Mixed Platforms.Build.0 = Debug|x86
		{BDCE61DF-8425-4CF1-B309-F4709339C9A8}.Debug|x64.ActiveCfg = Debug|x64
		{BDCE61DF-8425-4CF1-B309-F4709339C9A8}.Debug|x64.Build.0 = Debug|x64
		{BDCE61DF-8425-4CF1-B309-F4709339C9A8}.Debug|x86.ActiveCfg = Debug|x86
		{BDCE61DF-8425-4CF1-B309-F4709339C9A8}.Debug|x86.Build.0 = Debug|x86
		{BDCE61DF-8425-4CF1-B309-F4709339C9A8}.Release|Any CPU.ActiveCfg = Release|Any CPU
		{BDCE61DF-8425-4CF1-B309-F4709339C9A8}.Release|Any CPU.Build.0 = Release|Any CPU
		{BDCE61DF-8425-4CF1-B309-F4709339C9A8}.Release|Itanium.ActiveCfg = Release|x86
		{BDCE61DF-8425-4CF1-B309-F4709339C9A8}.Release|Mixed Platforms.ActiveCfg = Release|x86
		{BDCE61DF-8425-4CF1-B309-F4709339C9A8}.Release|Mixed Platforms.Build.0 = Release|x86
		{BDCE61DF-8425-4CF1-B309-F4709339C9A8}.Release|x64.ActiveCfg = Release|x64
		{BDCE61DF-8425-4CF1-B309-F4709339C9A8}.Release|x64.Build.0 = Release|x64
		{BDCE61DF-8425-4CF1-B309-F4709339C9A8}.Release|x86.ActiveCfg = Release|x86
		{BDCE61DF-8425-4CF1-B309-F4709339C9A8}.Release|x86.Build.0 = Release|x86
		{AF2B15B9-103C-4A82-ADD2-C914A6122DFE}.CD_ROM|Any CPU.ActiveCfg = Release|Any CPU
		{AF2B15B9-103C-4A82-ADD2-C914A6122DFE}.CD_ROM|Any CPU.Build.0 = Release|Any CPU
		{AF2B15B9-103C-4A82-ADD2-C914A6122DFE}.CD_ROM|Itanium.ActiveCfg = Release|Any CPU
		{AF2B15B9-103C-4A82-ADD2-C914A6122DFE}.CD_ROM|Mixed Platforms.ActiveCfg = Release|x86
		{AF2B15B9-103C-4A82-ADD2-C914A6122DFE}.CD_ROM|Mixed Platforms.Build.0 = Release|x86
		{AF2B15B9-103C-4A82-ADD2-C914A6122DFE}.CD_ROM|x64.ActiveCfg = Release|x64
		{AF2B15B9-103C-4A82-ADD2-C914A6122DFE}.CD_ROM|x64.Build.0 = Release|x64
		{AF2B15B9-103C-4A82-ADD2-C914A6122DFE}.CD_ROM|x86.ActiveCfg = Release|x86
		{AF2B15B9-103C-4A82-ADD2-C914A6122DFE}.CD_ROM|x86.Build.0 = Release|x86
		{AF2B15B9-103C-4A82-ADD2-C914A6122DFE}.Debug|Any CPU.ActiveCfg = Debug|Any CPU
		{AF2B15B9-103C-4A82-ADD2-C914A6122DFE}.Debug|Any CPU.Build.0 = Debug|Any CPU
		{AF2B15B9-103C-4A82-ADD2-C914A6122DFE}.Debug|Itanium.ActiveCfg = Debug|Any CPU
		{AF2B15B9-103C-4A82-ADD2-C914A6122DFE}.Debug|Mixed Platforms.ActiveCfg = Debug|x86
		{AF2B15B9-103C-4A82-ADD2-C914A6122DFE}.Debug|Mixed Platforms.Build.0 = Debug|x86
		{AF2B15B9-103C-4A82-ADD2-C914A6122DFE}.Debug|x64.ActiveCfg = Debug|x64
		{AF2B15B9-103C-4A82-ADD2-C914A6122DFE}.Debug|x64.Build.0 = Debug|x64
		{AF2B15B9-103C-4A82-ADD2-C914A6122DFE}.Debug|x86.ActiveCfg = Debug|x86
		{AF2B15B9-103C-4A82-ADD2-C914A6122DFE}.Debug|x86.Build.0 = Debug|x86
		{AF2B15B9-103C-4A82-ADD2-C914A6122DFE}.Release|Any CPU.ActiveCfg = Release|Any CPU
		{AF2B15B9-103C-4A82-ADD2-C914A6122DFE}.Release|Any CPU.Build.0 = Release|Any CPU
		{AF2B15B9-103C-4A82-ADD2-C914A6122DFE}.Release|Itanium.ActiveCfg = Release|x86
		{AF2B15B9-103C-4A82-ADD2-C914A6122DFE}.Release|Mixed Platforms.ActiveCfg = Release|x86
		{AF2B15B9-103C-4A82-ADD2-C914A6122DFE}.Release|Mixed Platforms.Build.0 = Release|x86
		{AF2B15B9-103C-4A82-ADD2-C914A6122DFE}.Release|x64.ActiveCfg = Release|x64
		{AF2B15B9-103C-4A82-ADD2-C914A6122DFE}.Release|x64.Build.0 = Release|x64
		{AF2B15B9-103C-4A82-ADD2-C914A6122DFE}.Release|x86.ActiveCfg = Release|x86
		{AF2B15B9-103C-4A82-ADD2-C914A6122DFE}.Release|x86.Build.0 = Release|x86
		{C3850255-66C2-4FDB-AB33-03B5C7CAE6AF}.CD_ROM|Any CPU.ActiveCfg = Release|Any CPU
		{C3850255-66C2-4FDB-AB33-03B5C7CAE6AF}.CD_ROM|Any CPU.Build.0 = Release|Any CPU
		{C3850255-66C2-4FDB-AB33-03B5C7CAE6AF}.CD_ROM|Itanium.ActiveCfg = Release|Any CPU
		{C3850255-66C2-4FDB-AB33-03B5C7CAE6AF}.CD_ROM|Mixed Platforms.ActiveCfg = Release|x86
		{C3850255-66C2-4FDB-AB33-03B5C7CAE6AF}.CD_ROM|Mixed Platforms.Build.0 = Release|x86
		{C3850255-66C2-4FDB-AB33-03B5C7CAE6AF}.CD_ROM|x64.ActiveCfg = Debug|Any CPU
		{C3850255-66C2-4FDB-AB33-03B5C7CAE6AF}.CD_ROM|x86.ActiveCfg = Release|x86
		{C3850255-66C2-4FDB-AB33-03B5C7CAE6AF}.CD_ROM|x86.Build.0 = Release|x86
		{C3850255-66C2-4FDB-AB33-03B5C7CAE6AF}.Debug|Any CPU.ActiveCfg = Debug|Any CPU
		{C3850255-66C2-4FDB-AB33-03B5C7CAE6AF}.Debug|Any CPU.Build.0 = Debug|Any CPU
		{C3850255-66C2-4FDB-AB33-03B5C7CAE6AF}.Debug|Itanium.ActiveCfg = Debug|Any CPU
		{C3850255-66C2-4FDB-AB33-03B5C7CAE6AF}.Debug|Mixed Platforms.ActiveCfg = Debug|x86
		{C3850255-66C2-4FDB-AB33-03B5C7CAE6AF}.Debug|Mixed Platforms.Build.0 = Debug|x86
		{C3850255-66C2-4FDB-AB33-03B5C7CAE6AF}.Debug|x64.ActiveCfg = Debug|Any CPU
		{C3850255-66C2-4FDB-AB33-03B5C7CAE6AF}.Debug|x86.ActiveCfg = Debug|x86
		{C3850255-66C2-4FDB-AB33-03B5C7CAE6AF}.Debug|x86.Build.0 = Debug|x86
		{C3850255-66C2-4FDB-AB33-03B5C7CAE6AF}.Release|Any CPU.ActiveCfg = Release|Any CPU
		{C3850255-66C2-4FDB-AB33-03B5C7CAE6AF}.Release|Any CPU.Build.0 = Release|Any CPU
		{C3850255-66C2-4FDB-AB33-03B5C7CAE6AF}.Release|Itanium.ActiveCfg = Release|x86
		{C3850255-66C2-4FDB-AB33-03B5C7CAE6AF}.Release|Mixed Platforms.ActiveCfg = Release|x86
		{C3850255-66C2-4FDB-AB33-03B5C7CAE6AF}.Release|Mixed Platforms.Build.0 = Release|x86
		{C3850255-66C2-4FDB-AB33-03B5C7CAE6AF}.Release|x64.ActiveCfg = Release|Any CPU
		{C3850255-66C2-4FDB-AB33-03B5C7CAE6AF}.Release|x86.ActiveCfg = Release|x86
		{C3850255-66C2-4FDB-AB33-03B5C7CAE6AF}.Release|x86.Build.0 = Release|x86
		{4FF8BE8D-B71C-44C1-B50D-E8016D8485DE}.CD_ROM|Any CPU.ActiveCfg = Release|Any CPU
		{4FF8BE8D-B71C-44C1-B50D-E8016D8485DE}.CD_ROM|Any CPU.Build.0 = Release|Any CPU
		{4FF8BE8D-B71C-44C1-B50D-E8016D8485DE}.CD_ROM|Itanium.ActiveCfg = Release|Any CPU
		{4FF8BE8D-B71C-44C1-B50D-E8016D8485DE}.CD_ROM|Mixed Platforms.ActiveCfg = Release|x86
		{4FF8BE8D-B71C-44C1-B50D-E8016D8485DE}.CD_ROM|Mixed Platforms.Build.0 = Release|x86
		{4FF8BE8D-B71C-44C1-B50D-E8016D8485DE}.CD_ROM|x64.ActiveCfg = Debug|Any CPU
		{4FF8BE8D-B71C-44C1-B50D-E8016D8485DE}.CD_ROM|x86.ActiveCfg = Release|x86
		{4FF8BE8D-B71C-44C1-B50D-E8016D8485DE}.CD_ROM|x86.Build.0 = Release|x86
		{4FF8BE8D-B71C-44C1-B50D-E8016D8485DE}.Debug|Any CPU.ActiveCfg = Debug|Any CPU
		{4FF8BE8D-B71C-44C1-B50D-E8016D8485DE}.Debug|Any CPU.Build.0 = Debug|Any CPU
		{4FF8BE8D-B71C-44C1-B50D-E8016D8485DE}.Debug|Itanium.ActiveCfg = Debug|Any CPU
		{4FF8BE8D-B71C-44C1-B50D-E8016D8485DE}.Debug|Mixed Platforms.ActiveCfg = Debug|x86
		{4FF8BE8D-B71C-44C1-B50D-E8016D8485DE}.Debug|Mixed Platforms.Build.0 = Debug|x86
		{4FF8BE8D-B71C-44C1-B50D-E8016D8485DE}.Debug|x64.ActiveCfg = Debug|Any CPU
		{4FF8BE8D-B71C-44C1-B50D-E8016D8485DE}.Debug|x86.ActiveCfg = Debug|x86
		{4FF8BE8D-B71C-44C1-B50D-E8016D8485DE}.Debug|x86.Build.0 = Debug|x86
		{4FF8BE8D-B71C-44C1-B50D-E8016D8485DE}.Release|Any CPU.ActiveCfg = Release|Any CPU
		{4FF8BE8D-B71C-44C1-B50D-E8016D8485DE}.Release|Any CPU.Build.0 = Release|Any CPU
		{4FF8BE8D-B71C-44C1-B50D-E8016D8485DE}.Release|Itanium.ActiveCfg = Release|x86
		{4FF8BE8D-B71C-44C1-B50D-E8016D8485DE}.Release|Mixed Platforms.ActiveCfg = Release|x86
		{4FF8BE8D-B71C-44C1-B50D-E8016D8485DE}.Release|Mixed Platforms.Build.0 = Release|x86
		{4FF8BE8D-B71C-44C1-B50D-E8016D8485DE}.Release|x64.ActiveCfg = Release|Any CPU
		{4FF8BE8D-B71C-44C1-B50D-E8016D8485DE}.Release|x86.ActiveCfg = Release|x86
		{4FF8BE8D-B71C-44C1-B50D-E8016D8485DE}.Release|x86.Build.0 = Release|x86
		{D130D1D2-CDF4-4BFD-BD05-800DDFEB12FF}.CD_ROM|Any CPU.ActiveCfg = Release|Any CPU
		{D130D1D2-CDF4-4BFD-BD05-800DDFEB12FF}.CD_ROM|Any CPU.Build.0 = Release|Any CPU
		{D130D1D2-CDF4-4BFD-BD05-800DDFEB12FF}.CD_ROM|Itanium.ActiveCfg = Release|Any CPU
		{D130D1D2-CDF4-4BFD-BD05-800DDFEB12FF}.CD_ROM|Mixed Platforms.ActiveCfg = Release|x86
		{D130D1D2-CDF4-4BFD-BD05-800DDFEB12FF}.CD_ROM|Mixed Platforms.Build.0 = Release|x86
		{D130D1D2-CDF4-4BFD-BD05-800DDFEB12FF}.CD_ROM|x64.ActiveCfg = Release|x64
		{D130D1D2-CDF4-4BFD-BD05-800DDFEB12FF}.CD_ROM|x64.Build.0 = Release|x64
		{D130D1D2-CDF4-4BFD-BD05-800DDFEB12FF}.CD_ROM|x86.ActiveCfg = Release|x86
		{D130D1D2-CDF4-4BFD-BD05-800DDFEB12FF}.CD_ROM|x86.Build.0 = Release|x86
		{D130D1D2-CDF4-4BFD-BD05-800DDFEB12FF}.Debug|Any CPU.ActiveCfg = Debug|Any CPU
		{D130D1D2-CDF4-4BFD-BD05-800DDFEB12FF}.Debug|Any CPU.Build.0 = Debug|Any CPU
		{D130D1D2-CDF4-4BFD-BD05-800DDFEB12FF}.Debug|Itanium.ActiveCfg = Debug|Any CPU
		{D130D1D2-CDF4-4BFD-BD05-800DDFEB12FF}.Debug|Mixed Platforms.ActiveCfg = Debug|x86
		{D130D1D2-CDF4-4BFD-BD05-800DDFEB12FF}.Debug|Mixed Platforms.Build.0 = Debug|x86
		{D130D1D2-CDF4-4BFD-BD05-800DDFEB12FF}.Debug|x64.ActiveCfg = Debug|x64
		{D130D1D2-CDF4-4BFD-BD05-800DDFEB12FF}.Debug|x64.Build.0 = Debug|x64
		{D130D1D2-CDF4-4BFD-BD05-800DDFEB12FF}.Debug|x86.ActiveCfg = Debug|x86
		{D130D1D2-CDF4-4BFD-BD05-800DDFEB12FF}.Debug|x86.Build.0 = Debug|x86
		{D130D1D2-CDF4-4BFD-BD05-800DDFEB12FF}.Release|Any CPU.ActiveCfg = Release|Any CPU
		{D130D1D2-CDF4-4BFD-BD05-800DDFEB12FF}.Release|Any CPU.Build.0 = Release|Any CPU
		{D130D1D2-CDF4-4BFD-BD05-800DDFEB12FF}.Release|Itanium.ActiveCfg = Release|x86
		{D130D1D2-CDF4-4BFD-BD05-800DDFEB12FF}.Release|Mixed Platforms.ActiveCfg = Release|x86
		{D130D1D2-CDF4-4BFD-BD05-800DDFEB12FF}.Release|Mixed Platforms.Build.0 = Release|x86
		{D130D1D2-CDF4-4BFD-BD05-800DDFEB12FF}.Release|x64.ActiveCfg = Release|x64
		{D130D1D2-CDF4-4BFD-BD05-800DDFEB12FF}.Release|x64.Build.0 = Release|x64
		{D130D1D2-CDF4-4BFD-BD05-800DDFEB12FF}.Release|x86.ActiveCfg = Release|x86
		{D130D1D2-CDF4-4BFD-BD05-800DDFEB12FF}.Release|x86.Build.0 = Release|x86
		{6E940E1B-3ADA-48C0-B55F-A3F5A3F2A683}.CD_ROM|Any CPU.ActiveCfg = Release|Any CPU
		{6E940E1B-3ADA-48C0-B55F-A3F5A3F2A683}.CD_ROM|Any CPU.Build.0 = Release|Any CPU
		{6E940E1B-3ADA-48C0-B55F-A3F5A3F2A683}.CD_ROM|Itanium.ActiveCfg = Release|Any CPU
		{6E940E1B-3ADA-48C0-B55F-A3F5A3F2A683}.CD_ROM|Mixed Platforms.ActiveCfg = Release|x86
		{6E940E1B-3ADA-48C0-B55F-A3F5A3F2A683}.CD_ROM|Mixed Platforms.Build.0 = Release|x86
		{6E940E1B-3ADA-48C0-B55F-A3F5A3F2A683}.CD_ROM|x64.ActiveCfg = Debug|Any CPU
		{6E940E1B-3ADA-48C0-B55F-A3F5A3F2A683}.CD_ROM|x86.ActiveCfg = Release|x86
		{6E940E1B-3ADA-48C0-B55F-A3F5A3F2A683}.CD_ROM|x86.Build.0 = Release|x86
		{6E940E1B-3ADA-48C0-B55F-A3F5A3F2A683}.Debug|Any CPU.ActiveCfg = Debug|Any CPU
		{6E940E1B-3ADA-48C0-B55F-A3F5A3F2A683}.Debug|Any CPU.Build.0 = Debug|Any CPU
		{6E940E1B-3ADA-48C0-B55F-A3F5A3F2A683}.Debug|Itanium.ActiveCfg = Debug|Any CPU
		{6E940E1B-3ADA-48C0-B55F-A3F5A3F2A683}.Debug|Mixed Platforms.ActiveCfg = Debug|x86
		{6E940E1B-3ADA-48C0-B55F-A3F5A3F2A683}.Debug|Mixed Platforms.Build.0 = Debug|x86
		{6E940E1B-3ADA-48C0-B55F-A3F5A3F2A683}.Debug|x64.ActiveCfg = Debug|Any CPU
		{6E940E1B-3ADA-48C0-B55F-A3F5A3F2A683}.Debug|x86.ActiveCfg = Debug|x86
		{6E940E1B-3ADA-48C0-B55F-A3F5A3F2A683}.Debug|x86.Build.0 = Debug|x86
		{6E940E1B-3ADA-48C0-B55F-A3F5A3F2A683}.Release|Any CPU.ActiveCfg = Release|Any CPU
		{6E940E1B-3ADA-48C0-B55F-A3F5A3F2A683}.Release|Any CPU.Build.0 = Release|Any CPU
		{6E940E1B-3ADA-48C0-B55F-A3F5A3F2A683}.Release|Itanium.ActiveCfg = Release|x86
		{6E940E1B-3ADA-48C0-B55F-A3F5A3F2A683}.Release|Mixed Platforms.ActiveCfg = Release|x86
		{6E940E1B-3ADA-48C0-B55F-A3F5A3F2A683}.Release|Mixed Platforms.Build.0 = Release|x86
		{6E940E1B-3ADA-48C0-B55F-A3F5A3F2A683}.Release|x64.ActiveCfg = Release|Any CPU
		{6E940E1B-3ADA-48C0-B55F-A3F5A3F2A683}.Release|x86.ActiveCfg = Release|x86
		{6E940E1B-3ADA-48C0-B55F-A3F5A3F2A683}.Release|x86.Build.0 = Release|x86
		{1DCB8862-5AB3-4566-B448-0042E2452E9F}.CD_ROM|Any CPU.ActiveCfg = Release|Any CPU
		{1DCB8862-5AB3-4566-B448-0042E2452E9F}.CD_ROM|Any CPU.Build.0 = Release|Any CPU
		{1DCB8862-5AB3-4566-B448-0042E2452E9F}.CD_ROM|Itanium.ActiveCfg = Release|Any CPU
		{1DCB8862-5AB3-4566-B448-0042E2452E9F}.CD_ROM|Mixed Platforms.ActiveCfg = Release|x86
		{1DCB8862-5AB3-4566-B448-0042E2452E9F}.CD_ROM|Mixed Platforms.Build.0 = Release|x86
		{1DCB8862-5AB3-4566-B448-0042E2452E9F}.CD_ROM|x64.ActiveCfg = Debug|Any CPU
		{1DCB8862-5AB3-4566-B448-0042E2452E9F}.CD_ROM|x86.ActiveCfg = Release|x86
		{1DCB8862-5AB3-4566-B448-0042E2452E9F}.CD_ROM|x86.Build.0 = Release|x86
		{1DCB8862-5AB3-4566-B448-0042E2452E9F}.Debug|Any CPU.ActiveCfg = Debug|Any CPU
		{1DCB8862-5AB3-4566-B448-0042E2452E9F}.Debug|Any CPU.Build.0 = Debug|Any CPU
		{1DCB8862-5AB3-4566-B448-0042E2452E9F}.Debug|Itanium.ActiveCfg = Debug|Any CPU
		{1DCB8862-5AB3-4566-B448-0042E2452E9F}.Debug|Mixed Platforms.ActiveCfg = Debug|x86
		{1DCB8862-5AB3-4566-B448-0042E2452E9F}.Debug|Mixed Platforms.Build.0 = Debug|x86
		{1DCB8862-5AB3-4566-B448-0042E2452E9F}.Debug|x64.ActiveCfg = Debug|Any CPU
		{1DCB8862-5AB3-4566-B448-0042E2452E9F}.Debug|x86.ActiveCfg = Debug|x86
		{1DCB8862-5AB3-4566-B448-0042E2452E9F}.Debug|x86.Build.0 = Debug|x86
		{1DCB8862-5AB3-4566-B448-0042E2452E9F}.Release|Any CPU.ActiveCfg = Release|Any CPU
		{1DCB8862-5AB3-4566-B448-0042E2452E9F}.Release|Any CPU.Build.0 = Release|Any CPU
		{1DCB8862-5AB3-4566-B448-0042E2452E9F}.Release|Itanium.ActiveCfg = Release|x86
		{1DCB8862-5AB3-4566-B448-0042E2452E9F}.Release|Mixed Platforms.ActiveCfg = Release|x86
		{1DCB8862-5AB3-4566-B448-0042E2452E9F}.Release|Mixed Platforms.Build.0 = Release|x86
		{1DCB8862-5AB3-4566-B448-0042E2452E9F}.Release|x64.ActiveCfg = Release|Any CPU
		{1DCB8862-5AB3-4566-B448-0042E2452E9F}.Release|x86.ActiveCfg = Release|x86
		{1DCB8862-5AB3-4566-B448-0042E2452E9F}.Release|x86.Build.0 = Release|x86
		{1AB951A1-13BF-416E-9C48-7ED524F7298F}.CD_ROM|Any CPU.ActiveCfg = Release|Any CPU
		{1AB951A1-13BF-416E-9C48-7ED524F7298F}.CD_ROM|Any CPU.Build.0 = Release|Any CPU
		{1AB951A1-13BF-416E-9C48-7ED524F7298F}.CD_ROM|Itanium.ActiveCfg = Release|Any CPU
		{1AB951A1-13BF-416E-9C48-7ED524F7298F}.CD_ROM|Mixed Platforms.ActiveCfg = Release|x86
		{1AB951A1-13BF-416E-9C48-7ED524F7298F}.CD_ROM|Mixed Platforms.Build.0 = Release|x86
		{1AB951A1-13BF-416E-9C48-7ED524F7298F}.CD_ROM|x64.ActiveCfg = Debug|Any CPU
		{1AB951A1-13BF-416E-9C48-7ED524F7298F}.CD_ROM|x86.ActiveCfg = Release|x86
		{1AB951A1-13BF-416E-9C48-7ED524F7298F}.CD_ROM|x86.Build.0 = Release|x86
		{1AB951A1-13BF-416E-9C48-7ED524F7298F}.Debug|Any CPU.ActiveCfg = Debug|Any CPU
		{1AB951A1-13BF-416E-9C48-7ED524F7298F}.Debug|Any CPU.Build.0 = Debug|Any CPU
		{1AB951A1-13BF-416E-9C48-7ED524F7298F}.Debug|Itanium.ActiveCfg = Debug|Any CPU
		{1AB951A1-13BF-416E-9C48-7ED524F7298F}.Debug|Mixed Platforms.ActiveCfg = Debug|x86
		{1AB951A1-13BF-416E-9C48-7ED524F7298F}.Debug|Mixed Platforms.Build.0 = Debug|x86
		{1AB951A1-13BF-416E-9C48-7ED524F7298F}.Debug|x64.ActiveCfg = Debug|Any CPU
		{1AB951A1-13BF-416E-9C48-7ED524F7298F}.Debug|x86.ActiveCfg = Debug|x86
		{1AB951A1-13BF-416E-9C48-7ED524F7298F}.Debug|x86.Build.0 = Debug|x86
		{1AB951A1-13BF-416E-9C48-7ED524F7298F}.Release|Any CPU.ActiveCfg = Release|Any CPU
		{1AB951A1-13BF-416E-9C48-7ED524F7298F}.Release|Any CPU.Build.0 = Release|Any CPU
		{1AB951A1-13BF-416E-9C48-7ED524F7298F}.Release|Itanium.ActiveCfg = Release|x86
		{1AB951A1-13BF-416E-9C48-7ED524F7298F}.Release|Mixed Platforms.ActiveCfg = Release|x86
		{1AB951A1-13BF-416E-9C48-7ED524F7298F}.Release|Mixed Platforms.Build.0 = Release|x86
		{1AB951A1-13BF-416E-9C48-7ED524F7298F}.Release|x64.ActiveCfg = Release|Any CPU
		{1AB951A1-13BF-416E-9C48-7ED524F7298F}.Release|x86.ActiveCfg = Release|x86
		{1AB951A1-13BF-416E-9C48-7ED524F7298F}.Release|x86.Build.0 = Release|x86
		{984AE3C4-0BD5-419C-BD58-748AAEB3A727}.CD_ROM|Any CPU.ActiveCfg = Release|Any CPU
		{984AE3C4-0BD5-419C-BD58-748AAEB3A727}.CD_ROM|Any CPU.Build.0 = Release|Any CPU
		{984AE3C4-0BD5-419C-BD58-748AAEB3A727}.CD_ROM|Itanium.ActiveCfg = Release|Any CPU
		{984AE3C4-0BD5-419C-BD58-748AAEB3A727}.CD_ROM|Mixed Platforms.ActiveCfg = Release|x86
		{984AE3C4-0BD5-419C-BD58-748AAEB3A727}.CD_ROM|Mixed Platforms.Build.0 = Release|x86
		{984AE3C4-0BD5-419C-BD58-748AAEB3A727}.CD_ROM|x64.ActiveCfg = Debug|Any CPU
		{984AE3C4-0BD5-419C-BD58-748AAEB3A727}.CD_ROM|x86.ActiveCfg = Release|x86
		{984AE3C4-0BD5-419C-BD58-748AAEB3A727}.CD_ROM|x86.Build.0 = Release|x86
		{984AE3C4-0BD5-419C-BD58-748AAEB3A727}.Debug|Any CPU.ActiveCfg = Debug|Any CPU
		{984AE3C4-0BD5-419C-BD58-748AAEB3A727}.Debug|Any CPU.Build.0 = Debug|Any CPU
		{984AE3C4-0BD5-419C-BD58-748AAEB3A727}.Debug|Itanium.ActiveCfg = Debug|Any CPU
		{984AE3C4-0BD5-419C-BD58-748AAEB3A727}.Debug|Mixed Platforms.ActiveCfg = Debug|x86
		{984AE3C4-0BD5-419C-BD58-748AAEB3A727}.Debug|Mixed Platforms.Build.0 = Debug|x86
		{984AE3C4-0BD5-419C-BD58-748AAEB3A727}.Debug|x64.ActiveCfg = Debug|Any CPU
		{984AE3C4-0BD5-419C-BD58-748AAEB3A727}.Debug|x86.ActiveCfg = Debug|x86
		{984AE3C4-0BD5-419C-BD58-748AAEB3A727}.Debug|x86.Build.0 = Debug|x86
		{984AE3C4-0BD5-419C-BD58-748AAEB3A727}.Release|Any CPU.ActiveCfg = Release|Any CPU
		{984AE3C4-0BD5-419C-BD58-748AAEB3A727}.Release|Any CPU.Build.0 = Release|Any CPU
		{984AE3C4-0BD5-419C-BD58-748AAEB3A727}.Release|Itanium.ActiveCfg = Release|x86
		{984AE3C4-0BD5-419C-BD58-748AAEB3A727}.Release|Mixed Platforms.ActiveCfg = Release|x86
		{984AE3C4-0BD5-419C-BD58-748AAEB3A727}.Release|Mixed Platforms.Build.0 = Release|x86
		{984AE3C4-0BD5-419C-BD58-748AAEB3A727}.Release|x64.ActiveCfg = Release|Any CPU
		{984AE3C4-0BD5-419C-BD58-748AAEB3A727}.Release|x86.ActiveCfg = Release|x86
		{984AE3C4-0BD5-419C-BD58-748AAEB3A727}.Release|x86.Build.0 = Release|x86
		{000E1525-6CFC-4690-99A7-6222801D5F5E}.CD_ROM|Any CPU.ActiveCfg = DataDirect|Any CPU
		{000E1525-6CFC-4690-99A7-6222801D5F5E}.CD_ROM|Any CPU.Build.0 = DataDirect|Any CPU
		{000E1525-6CFC-4690-99A7-6222801D5F5E}.CD_ROM|Itanium.ActiveCfg = DataDirect|Any CPU
		{000E1525-6CFC-4690-99A7-6222801D5F5E}.CD_ROM|Mixed Platforms.ActiveCfg = DataDirect|Any CPU
		{000E1525-6CFC-4690-99A7-6222801D5F5E}.CD_ROM|Mixed Platforms.Build.0 = DataDirect|Any CPU
		{000E1525-6CFC-4690-99A7-6222801D5F5E}.CD_ROM|x64.ActiveCfg = DataDirect|x64
		{000E1525-6CFC-4690-99A7-6222801D5F5E}.CD_ROM|x64.Build.0 = DataDirect|x64
		{000E1525-6CFC-4690-99A7-6222801D5F5E}.CD_ROM|x86.ActiveCfg = DataDirect|Any CPU
		{000E1525-6CFC-4690-99A7-6222801D5F5E}.Debug|Any CPU.ActiveCfg = Debug|Any CPU
		{000E1525-6CFC-4690-99A7-6222801D5F5E}.Debug|Any CPU.Build.0 = Debug|Any CPU
		{000E1525-6CFC-4690-99A7-6222801D5F5E}.Debug|Itanium.ActiveCfg = Debug|Any CPU
		{000E1525-6CFC-4690-99A7-6222801D5F5E}.Debug|Mixed Platforms.ActiveCfg = Debug|x86
		{000E1525-6CFC-4690-99A7-6222801D5F5E}.Debug|Mixed Platforms.Build.0 = Debug|x86
		{000E1525-6CFC-4690-99A7-6222801D5F5E}.Debug|x64.ActiveCfg = Debug|x64
		{000E1525-6CFC-4690-99A7-6222801D5F5E}.Debug|x64.Build.0 = Debug|x64
		{000E1525-6CFC-4690-99A7-6222801D5F5E}.Debug|x86.ActiveCfg = Debug|x86
		{000E1525-6CFC-4690-99A7-6222801D5F5E}.Debug|x86.Build.0 = Debug|x86
		{000E1525-6CFC-4690-99A7-6222801D5F5E}.Release|Any CPU.ActiveCfg = Release|Any CPU
		{000E1525-6CFC-4690-99A7-6222801D5F5E}.Release|Any CPU.Build.0 = Release|Any CPU
		{000E1525-6CFC-4690-99A7-6222801D5F5E}.Release|Itanium.ActiveCfg = Release|Any CPU
		{000E1525-6CFC-4690-99A7-6222801D5F5E}.Release|Mixed Platforms.ActiveCfg = Release|Any CPU
		{000E1525-6CFC-4690-99A7-6222801D5F5E}.Release|Mixed Platforms.Build.0 = Release|Any CPU
		{000E1525-6CFC-4690-99A7-6222801D5F5E}.Release|x64.ActiveCfg = Release|x64
		{000E1525-6CFC-4690-99A7-6222801D5F5E}.Release|x64.Build.0 = Release|x64
		{000E1525-6CFC-4690-99A7-6222801D5F5E}.Release|x86.ActiveCfg = Release|x86
		{000E1525-6CFC-4690-99A7-6222801D5F5E}.Release|x86.Build.0 = Release|x86
		{468B9D59-4B42-4DEA-B039-3DE8E0EC21E8}.CD_ROM|Any CPU.ActiveCfg = Release|Any CPU
		{468B9D59-4B42-4DEA-B039-3DE8E0EC21E8}.CD_ROM|Any CPU.Build.0 = Release|Any CPU
		{468B9D59-4B42-4DEA-B039-3DE8E0EC21E8}.CD_ROM|Itanium.ActiveCfg = Release|Any CPU
		{468B9D59-4B42-4DEA-B039-3DE8E0EC21E8}.CD_ROM|Mixed Platforms.ActiveCfg = Release|Any CPU
		{468B9D59-4B42-4DEA-B039-3DE8E0EC21E8}.CD_ROM|Mixed Platforms.Build.0 = Release|Any CPU
		{468B9D59-4B42-4DEA-B039-3DE8E0EC21E8}.CD_ROM|x64.ActiveCfg = Debug|Any CPU
		{468B9D59-4B42-4DEA-B039-3DE8E0EC21E8}.CD_ROM|x86.ActiveCfg = Release|Any CPU
		{468B9D59-4B42-4DEA-B039-3DE8E0EC21E8}.Debug|Any CPU.ActiveCfg = Debug|Any CPU
		{468B9D59-4B42-4DEA-B039-3DE8E0EC21E8}.Debug|Any CPU.Build.0 = Debug|Any CPU
		{468B9D59-4B42-4DEA-B039-3DE8E0EC21E8}.Debug|Itanium.ActiveCfg = Debug|Any CPU
		{468B9D59-4B42-4DEA-B039-3DE8E0EC21E8}.Debug|Mixed Platforms.ActiveCfg = Debug|x86
		{468B9D59-4B42-4DEA-B039-3DE8E0EC21E8}.Debug|Mixed Platforms.Build.0 = Debug|x86
		{468B9D59-4B42-4DEA-B039-3DE8E0EC21E8}.Debug|x64.ActiveCfg = Debug|Any CPU
		{468B9D59-4B42-4DEA-B039-3DE8E0EC21E8}.Debug|x86.ActiveCfg = Debug|x86
		{468B9D59-4B42-4DEA-B039-3DE8E0EC21E8}.Debug|x86.Build.0 = Debug|x86
		{468B9D59-4B42-4DEA-B039-3DE8E0EC21E8}.Release|Any CPU.ActiveCfg = Release|Any CPU
		{468B9D59-4B42-4DEA-B039-3DE8E0EC21E8}.Release|Any CPU.Build.0 = Release|Any CPU
		{468B9D59-4B42-4DEA-B039-3DE8E0EC21E8}.Release|Itanium.ActiveCfg = Release|Any CPU
		{468B9D59-4B42-4DEA-B039-3DE8E0EC21E8}.Release|Mixed Platforms.ActiveCfg = Release|Any CPU
		{468B9D59-4B42-4DEA-B039-3DE8E0EC21E8}.Release|Mixed Platforms.Build.0 = Release|Any CPU
		{468B9D59-4B42-4DEA-B039-3DE8E0EC21E8}.Release|x64.ActiveCfg = Release|Any CPU
		{468B9D59-4B42-4DEA-B039-3DE8E0EC21E8}.Release|x86.ActiveCfg = Release|x86
		{468B9D59-4B42-4DEA-B039-3DE8E0EC21E8}.Release|x86.Build.0 = Release|x86
		{35D34BB5-8B27-43FE-9B29-4C4D7EEDF78D}.CD_ROM|Any CPU.ActiveCfg = Release|Any CPU
		{35D34BB5-8B27-43FE-9B29-4C4D7EEDF78D}.CD_ROM|Any CPU.Build.0 = Release|Any CPU
		{35D34BB5-8B27-43FE-9B29-4C4D7EEDF78D}.CD_ROM|Itanium.ActiveCfg = Release|Any CPU
		{35D34BB5-8B27-43FE-9B29-4C4D7EEDF78D}.CD_ROM|Mixed Platforms.ActiveCfg = Release|Any CPU
		{35D34BB5-8B27-43FE-9B29-4C4D7EEDF78D}.CD_ROM|Mixed Platforms.Build.0 = Release|Any CPU
		{35D34BB5-8B27-43FE-9B29-4C4D7EEDF78D}.CD_ROM|x64.ActiveCfg = Debug|Any CPU
		{35D34BB5-8B27-43FE-9B29-4C4D7EEDF78D}.CD_ROM|x86.ActiveCfg = Release|Any CPU
		{35D34BB5-8B27-43FE-9B29-4C4D7EEDF78D}.Debug|Any CPU.ActiveCfg = Debug|Any CPU
		{35D34BB5-8B27-43FE-9B29-4C4D7EEDF78D}.Debug|Any CPU.Build.0 = Debug|Any CPU
		{35D34BB5-8B27-43FE-9B29-4C4D7EEDF78D}.Debug|Itanium.ActiveCfg = Debug|Any CPU
		{35D34BB5-8B27-43FE-9B29-4C4D7EEDF78D}.Debug|Mixed Platforms.ActiveCfg = Debug|Any CPU
		{35D34BB5-8B27-43FE-9B29-4C4D7EEDF78D}.Debug|Mixed Platforms.Build.0 = Debug|Any CPU
		{35D34BB5-8B27-43FE-9B29-4C4D7EEDF78D}.Debug|x64.ActiveCfg = Debug|Any CPU
		{35D34BB5-8B27-43FE-9B29-4C4D7EEDF78D}.Debug|x86.ActiveCfg = Debug|x86
		{35D34BB5-8B27-43FE-9B29-4C4D7EEDF78D}.Debug|x86.Build.0 = Debug|x86
		{35D34BB5-8B27-43FE-9B29-4C4D7EEDF78D}.Release|Any CPU.ActiveCfg = Release|Any CPU
		{35D34BB5-8B27-43FE-9B29-4C4D7EEDF78D}.Release|Any CPU.Build.0 = Release|Any CPU
		{35D34BB5-8B27-43FE-9B29-4C4D7EEDF78D}.Release|Itanium.ActiveCfg = Release|Any CPU
		{35D34BB5-8B27-43FE-9B29-4C4D7EEDF78D}.Release|Mixed Platforms.ActiveCfg = Release|Any CPU
		{35D34BB5-8B27-43FE-9B29-4C4D7EEDF78D}.Release|Mixed Platforms.Build.0 = Release|Any CPU
		{35D34BB5-8B27-43FE-9B29-4C4D7EEDF78D}.Release|x64.ActiveCfg = Release|Any CPU
		{35D34BB5-8B27-43FE-9B29-4C4D7EEDF78D}.Release|x86.ActiveCfg = Release|x86
		{35D34BB5-8B27-43FE-9B29-4C4D7EEDF78D}.Release|x86.Build.0 = Release|x86
		{E13E1705-16BA-4A6F-9B0C-A1ED6E575169}.CD_ROM|Any CPU.ActiveCfg = DataDirect|Any CPU
		{E13E1705-16BA-4A6F-9B0C-A1ED6E575169}.CD_ROM|Any CPU.Build.0 = DataDirect|Any CPU
		{E13E1705-16BA-4A6F-9B0C-A1ED6E575169}.CD_ROM|Itanium.ActiveCfg = DataDirect|Any CPU
		{E13E1705-16BA-4A6F-9B0C-A1ED6E575169}.CD_ROM|Mixed Platforms.ActiveCfg = DataDirect|Any CPU
		{E13E1705-16BA-4A6F-9B0C-A1ED6E575169}.CD_ROM|Mixed Platforms.Build.0 = DataDirect|Any CPU
		{E13E1705-16BA-4A6F-9B0C-A1ED6E575169}.CD_ROM|x64.ActiveCfg = Release|Any CPU
		{E13E1705-16BA-4A6F-9B0C-A1ED6E575169}.CD_ROM|x86.ActiveCfg = DataDirect|Any CPU
		{E13E1705-16BA-4A6F-9B0C-A1ED6E575169}.Debug|Any CPU.ActiveCfg = Debug|Any CPU
		{E13E1705-16BA-4A6F-9B0C-A1ED6E575169}.Debug|Any CPU.Build.0 = Debug|Any CPU
		{E13E1705-16BA-4A6F-9B0C-A1ED6E575169}.Debug|Itanium.ActiveCfg = Debug|Any CPU
		{E13E1705-16BA-4A6F-9B0C-A1ED6E575169}.Debug|Mixed Platforms.ActiveCfg = Debug|Any CPU
		{E13E1705-16BA-4A6F-9B0C-A1ED6E575169}.Debug|Mixed Platforms.Build.0 = Debug|Any CPU
		{E13E1705-16BA-4A6F-9B0C-A1ED6E575169}.Debug|x64.ActiveCfg = Debug|Any CPU
		{E13E1705-16BA-4A6F-9B0C-A1ED6E575169}.Debug|x86.ActiveCfg = Debug|x86
		{E13E1705-16BA-4A6F-9B0C-A1ED6E575169}.Debug|x86.Build.0 = Debug|x86
		{E13E1705-16BA-4A6F-9B0C-A1ED6E575169}.Release|Any CPU.ActiveCfg = Release|Any CPU
		{E13E1705-16BA-4A6F-9B0C-A1ED6E575169}.Release|Any CPU.Build.0 = Release|Any CPU
		{E13E1705-16BA-4A6F-9B0C-A1ED6E575169}.Release|Itanium.ActiveCfg = Release|Any CPU
		{E13E1705-16BA-4A6F-9B0C-A1ED6E575169}.Release|Mixed Platforms.ActiveCfg = Release|Any CPU
		{E13E1705-16BA-4A6F-9B0C-A1ED6E575169}.Release|Mixed Platforms.Build.0 = Release|Any CPU
		{E13E1705-16BA-4A6F-9B0C-A1ED6E575169}.Release|x64.ActiveCfg = Release|Any CPU
		{E13E1705-16BA-4A6F-9B0C-A1ED6E575169}.Release|x86.ActiveCfg = Release|x86
		{E13E1705-16BA-4A6F-9B0C-A1ED6E575169}.Release|x86.Build.0 = Release|x86
		{1D2A75AE-2457-47F5-9211-235607AFDF8A}.CD_ROM|Any CPU.ActiveCfg = Release|Any CPU
		{1D2A75AE-2457-47F5-9211-235607AFDF8A}.CD_ROM|Any CPU.Build.0 = Release|Any CPU
		{1D2A75AE-2457-47F5-9211-235607AFDF8A}.CD_ROM|Itanium.ActiveCfg = Release|Any CPU
		{1D2A75AE-2457-47F5-9211-235607AFDF8A}.CD_ROM|Mixed Platforms.ActiveCfg = Release|Any CPU
		{1D2A75AE-2457-47F5-9211-235607AFDF8A}.CD_ROM|Mixed Platforms.Build.0 = Release|Any CPU
		{1D2A75AE-2457-47F5-9211-235607AFDF8A}.CD_ROM|x64.ActiveCfg = Release|x64
		{1D2A75AE-2457-47F5-9211-235607AFDF8A}.CD_ROM|x64.Build.0 = Release|x64
		{1D2A75AE-2457-47F5-9211-235607AFDF8A}.CD_ROM|x86.ActiveCfg = Release|Any CPU
		{1D2A75AE-2457-47F5-9211-235607AFDF8A}.Debug|Any CPU.ActiveCfg = Debug|Any CPU
		{1D2A75AE-2457-47F5-9211-235607AFDF8A}.Debug|Any CPU.Build.0 = Debug|Any CPU
		{1D2A75AE-2457-47F5-9211-235607AFDF8A}.Debug|Itanium.ActiveCfg = Debug|Any CPU
		{1D2A75AE-2457-47F5-9211-235607AFDF8A}.Debug|Mixed Platforms.ActiveCfg = Debug|x86
		{1D2A75AE-2457-47F5-9211-235607AFDF8A}.Debug|Mixed Platforms.Build.0 = Debug|x86
		{1D2A75AE-2457-47F5-9211-235607AFDF8A}.Debug|x64.ActiveCfg = Debug|x64
		{1D2A75AE-2457-47F5-9211-235607AFDF8A}.Debug|x64.Build.0 = Debug|x64
		{1D2A75AE-2457-47F5-9211-235607AFDF8A}.Debug|x86.ActiveCfg = Debug|x86
		{1D2A75AE-2457-47F5-9211-235607AFDF8A}.Debug|x86.Build.0 = Debug|x86
		{1D2A75AE-2457-47F5-9211-235607AFDF8A}.Release|Any CPU.ActiveCfg = Release|Any CPU
		{1D2A75AE-2457-47F5-9211-235607AFDF8A}.Release|Any CPU.Build.0 = Release|Any CPU
		{1D2A75AE-2457-47F5-9211-235607AFDF8A}.Release|Itanium.ActiveCfg = Release|Any CPU
		{1D2A75AE-2457-47F5-9211-235607AFDF8A}.Release|Mixed Platforms.ActiveCfg = Release|Any CPU
		{1D2A75AE-2457-47F5-9211-235607AFDF8A}.Release|Mixed Platforms.Build.0 = Release|Any CPU
		{1D2A75AE-2457-47F5-9211-235607AFDF8A}.Release|x64.ActiveCfg = Release|x64
		{1D2A75AE-2457-47F5-9211-235607AFDF8A}.Release|x64.Build.0 = Release|x64
		{1D2A75AE-2457-47F5-9211-235607AFDF8A}.Release|x86.ActiveCfg = Release|x86
		{1D2A75AE-2457-47F5-9211-235607AFDF8A}.Release|x86.Build.0 = Release|x86
		{B8AB217F-C48E-49F6-AB2F-CBA070F9985D}.CD_ROM|Any CPU.ActiveCfg = Release|Any CPU
		{B8AB217F-C48E-49F6-AB2F-CBA070F9985D}.CD_ROM|Any CPU.Build.0 = Release|Any CPU
		{B8AB217F-C48E-49F6-AB2F-CBA070F9985D}.CD_ROM|Itanium.ActiveCfg = Release|Any CPU
		{B8AB217F-C48E-49F6-AB2F-CBA070F9985D}.CD_ROM|Mixed Platforms.ActiveCfg = Release|x86
		{B8AB217F-C48E-49F6-AB2F-CBA070F9985D}.CD_ROM|Mixed Platforms.Build.0 = Release|x86
		{B8AB217F-C48E-49F6-AB2F-CBA070F9985D}.CD_ROM|x64.ActiveCfg = Release|Any CPU
		{B8AB217F-C48E-49F6-AB2F-CBA070F9985D}.CD_ROM|x86.ActiveCfg = Release|x86
		{B8AB217F-C48E-49F6-AB2F-CBA070F9985D}.CD_ROM|x86.Build.0 = Release|x86
		{B8AB217F-C48E-49F6-AB2F-CBA070F9985D}.Debug|Any CPU.ActiveCfg = Debug|Any CPU
		{B8AB217F-C48E-49F6-AB2F-CBA070F9985D}.Debug|Any CPU.Build.0 = Debug|Any CPU
		{B8AB217F-C48E-49F6-AB2F-CBA070F9985D}.Debug|Itanium.ActiveCfg = Debug|Any CPU
		{B8AB217F-C48E-49F6-AB2F-CBA070F9985D}.Debug|Mixed Platforms.ActiveCfg = Debug|x86
		{B8AB217F-C48E-49F6-AB2F-CBA070F9985D}.Debug|Mixed Platforms.Build.0 = Debug|x86
		{B8AB217F-C48E-49F6-AB2F-CBA070F9985D}.Debug|x64.ActiveCfg = Debug|Any CPU
		{B8AB217F-C48E-49F6-AB2F-CBA070F9985D}.Debug|x86.ActiveCfg = Debug|x86
		{B8AB217F-C48E-49F6-AB2F-CBA070F9985D}.Debug|x86.Build.0 = Debug|x86
		{B8AB217F-C48E-49F6-AB2F-CBA070F9985D}.Release|Any CPU.ActiveCfg = Release|Any CPU
		{B8AB217F-C48E-49F6-AB2F-CBA070F9985D}.Release|Any CPU.Build.0 = Release|Any CPU
		{B8AB217F-C48E-49F6-AB2F-CBA070F9985D}.Release|Itanium.ActiveCfg = Release|Any CPU
		{B8AB217F-C48E-49F6-AB2F-CBA070F9985D}.Release|Mixed Platforms.ActiveCfg = Release|x86
		{B8AB217F-C48E-49F6-AB2F-CBA070F9985D}.Release|Mixed Platforms.Build.0 = Release|x86
		{B8AB217F-C48E-49F6-AB2F-CBA070F9985D}.Release|x64.ActiveCfg = Release|Any CPU
		{B8AB217F-C48E-49F6-AB2F-CBA070F9985D}.Release|x86.ActiveCfg = Release|x86
		{B8AB217F-C48E-49F6-AB2F-CBA070F9985D}.Release|x86.Build.0 = Release|x86
		{4E338E06-A304-4F5B-89C2-ED714CFFB56E}.CD_ROM|Any CPU.ActiveCfg = Release|Any CPU
		{4E338E06-A304-4F5B-89C2-ED714CFFB56E}.CD_ROM|Any CPU.Build.0 = Release|Any CPU
		{4E338E06-A304-4F5B-89C2-ED714CFFB56E}.CD_ROM|Itanium.ActiveCfg = Release|Any CPU
		{4E338E06-A304-4F5B-89C2-ED714CFFB56E}.CD_ROM|Itanium.Build.0 = Release|Any CPU
		{4E338E06-A304-4F5B-89C2-ED714CFFB56E}.CD_ROM|Mixed Platforms.ActiveCfg = Release|Any CPU
		{4E338E06-A304-4F5B-89C2-ED714CFFB56E}.CD_ROM|Mixed Platforms.Build.0 = Release|Any CPU
		{4E338E06-A304-4F5B-89C2-ED714CFFB56E}.CD_ROM|x64.ActiveCfg = Release|Any CPU
		{4E338E06-A304-4F5B-89C2-ED714CFFB56E}.CD_ROM|x64.Build.0 = Release|Any CPU
		{4E338E06-A304-4F5B-89C2-ED714CFFB56E}.CD_ROM|x86.ActiveCfg = Release|Any CPU
		{4E338E06-A304-4F5B-89C2-ED714CFFB56E}.CD_ROM|x86.Build.0 = Release|Any CPU
		{4E338E06-A304-4F5B-89C2-ED714CFFB56E}.Debug|Any CPU.ActiveCfg = Debug|Any CPU
		{4E338E06-A304-4F5B-89C2-ED714CFFB56E}.Debug|Any CPU.Build.0 = Debug|Any CPU
		{4E338E06-A304-4F5B-89C2-ED714CFFB56E}.Debug|Itanium.ActiveCfg = Debug|Any CPU
		{4E338E06-A304-4F5B-89C2-ED714CFFB56E}.Debug|Itanium.Build.0 = Debug|Any CPU
		{4E338E06-A304-4F5B-89C2-ED714CFFB56E}.Debug|Mixed Platforms.ActiveCfg = Debug|Any CPU
		{4E338E06-A304-4F5B-89C2-ED714CFFB56E}.Debug|Mixed Platforms.Build.0 = Debug|Any CPU
		{4E338E06-A304-4F5B-89C2-ED714CFFB56E}.Debug|x64.ActiveCfg = Debug|Any CPU
		{4E338E06-A304-4F5B-89C2-ED714CFFB56E}.Debug|x64.Build.0 = Debug|Any CPU
		{4E338E06-A304-4F5B-89C2-ED714CFFB56E}.Debug|x86.ActiveCfg = Debug|x86
		{4E338E06-A304-4F5B-89C2-ED714CFFB56E}.Debug|x86.Build.0 = Debug|x86
		{4E338E06-A304-4F5B-89C2-ED714CFFB56E}.Release|Any CPU.ActiveCfg = Release|Any CPU
		{4E338E06-A304-4F5B-89C2-ED714CFFB56E}.Release|Any CPU.Build.0 = Release|Any CPU
		{4E338E06-A304-4F5B-89C2-ED714CFFB56E}.Release|Itanium.ActiveCfg = Release|Any CPU
		{4E338E06-A304-4F5B-89C2-ED714CFFB56E}.Release|Itanium.Build.0 = Release|Any CPU
		{4E338E06-A304-4F5B-89C2-ED714CFFB56E}.Release|Mixed Platforms.ActiveCfg = Release|Any CPU
		{4E338E06-A304-4F5B-89C2-ED714CFFB56E}.Release|Mixed Platforms.Build.0 = Release|Any CPU
		{4E338E06-A304-4F5B-89C2-ED714CFFB56E}.Release|x64.ActiveCfg = Release|Any CPU
		{4E338E06-A304-4F5B-89C2-ED714CFFB56E}.Release|x64.Build.0 = Release|Any CPU
		{4E338E06-A304-4F5B-89C2-ED714CFFB56E}.Release|x86.ActiveCfg = Release|x86
		{4E338E06-A304-4F5B-89C2-ED714CFFB56E}.Release|x86.Build.0 = Release|x86
		{AC8B00C1-DCDD-448E-8354-416F22F11DCD}.CD_ROM|Any CPU.ActiveCfg = Release|Any CPU
		{AC8B00C1-DCDD-448E-8354-416F22F11DCD}.CD_ROM|Any CPU.Build.0 = Release|Any CPU
		{AC8B00C1-DCDD-448E-8354-416F22F11DCD}.CD_ROM|Itanium.ActiveCfg = Release|Any CPU
		{AC8B00C1-DCDD-448E-8354-416F22F11DCD}.CD_ROM|Itanium.Build.0 = Release|Any CPU
		{AC8B00C1-DCDD-448E-8354-416F22F11DCD}.CD_ROM|Mixed Platforms.ActiveCfg = Release|Any CPU
		{AC8B00C1-DCDD-448E-8354-416F22F11DCD}.CD_ROM|Mixed Platforms.Build.0 = Release|Any CPU
		{AC8B00C1-DCDD-448E-8354-416F22F11DCD}.CD_ROM|x64.ActiveCfg = Release|Any CPU
		{AC8B00C1-DCDD-448E-8354-416F22F11DCD}.CD_ROM|x64.Build.0 = Release|Any CPU
		{AC8B00C1-DCDD-448E-8354-416F22F11DCD}.CD_ROM|x86.ActiveCfg = Release|Any CPU
		{AC8B00C1-DCDD-448E-8354-416F22F11DCD}.CD_ROM|x86.Build.0 = Release|Any CPU
		{AC8B00C1-DCDD-448E-8354-416F22F11DCD}.Debug|Any CPU.ActiveCfg = Debug|Any CPU
		{AC8B00C1-DCDD-448E-8354-416F22F11DCD}.Debug|Any CPU.Build.0 = Debug|Any CPU
		{AC8B00C1-DCDD-448E-8354-416F22F11DCD}.Debug|Itanium.ActiveCfg = Debug|Any CPU
		{AC8B00C1-DCDD-448E-8354-416F22F11DCD}.Debug|Itanium.Build.0 = Debug|Any CPU
		{AC8B00C1-DCDD-448E-8354-416F22F11DCD}.Debug|Mixed Platforms.ActiveCfg = Debug|Any CPU
		{AC8B00C1-DCDD-448E-8354-416F22F11DCD}.Debug|Mixed Platforms.Build.0 = Debug|Any CPU
		{AC8B00C1-DCDD-448E-8354-416F22F11DCD}.Debug|x64.ActiveCfg = Debug|Any CPU
		{AC8B00C1-DCDD-448E-8354-416F22F11DCD}.Debug|x64.Build.0 = Debug|Any CPU
		{AC8B00C1-DCDD-448E-8354-416F22F11DCD}.Debug|x86.ActiveCfg = Debug|x86
		{AC8B00C1-DCDD-448E-8354-416F22F11DCD}.Debug|x86.Build.0 = Debug|x86
		{AC8B00C1-DCDD-448E-8354-416F22F11DCD}.Release|Any CPU.ActiveCfg = Release|Any CPU
		{AC8B00C1-DCDD-448E-8354-416F22F11DCD}.Release|Any CPU.Build.0 = Release|Any CPU
		{AC8B00C1-DCDD-448E-8354-416F22F11DCD}.Release|Itanium.ActiveCfg = Release|Any CPU
		{AC8B00C1-DCDD-448E-8354-416F22F11DCD}.Release|Itanium.Build.0 = Release|Any CPU
		{AC8B00C1-DCDD-448E-8354-416F22F11DCD}.Release|Mixed Platforms.ActiveCfg = Release|Any CPU
		{AC8B00C1-DCDD-448E-8354-416F22F11DCD}.Release|Mixed Platforms.Build.0 = Release|Any CPU
		{AC8B00C1-DCDD-448E-8354-416F22F11DCD}.Release|x64.ActiveCfg = Release|Any CPU
		{AC8B00C1-DCDD-448E-8354-416F22F11DCD}.Release|x64.Build.0 = Release|Any CPU
		{AC8B00C1-DCDD-448E-8354-416F22F11DCD}.Release|x86.ActiveCfg = Release|Any CPU
		{AC8B00C1-DCDD-448E-8354-416F22F11DCD}.Release|x86.Build.0 = Release|Any CPU
		{5B4293F8-6C20-4D4A-9FC4-110A08606EE0}.CD_ROM|Any CPU.ActiveCfg = Release|Any CPU
		{5B4293F8-6C20-4D4A-9FC4-110A08606EE0}.CD_ROM|Any CPU.Build.0 = Release|Any CPU
		{5B4293F8-6C20-4D4A-9FC4-110A08606EE0}.CD_ROM|Itanium.ActiveCfg = Release|Any CPU
		{5B4293F8-6C20-4D4A-9FC4-110A08606EE0}.CD_ROM|Itanium.Build.0 = Release|Any CPU
		{5B4293F8-6C20-4D4A-9FC4-110A08606EE0}.CD_ROM|Mixed Platforms.ActiveCfg = Release|x86
		{5B4293F8-6C20-4D4A-9FC4-110A08606EE0}.CD_ROM|Mixed Platforms.Build.0 = Release|x86
		{5B4293F8-6C20-4D4A-9FC4-110A08606EE0}.CD_ROM|x64.ActiveCfg = Release|Any CPU
		{5B4293F8-6C20-4D4A-9FC4-110A08606EE0}.CD_ROM|x64.Build.0 = Release|Any CPU
		{5B4293F8-6C20-4D4A-9FC4-110A08606EE0}.CD_ROM|x86.ActiveCfg = Release|x86
		{5B4293F8-6C20-4D4A-9FC4-110A08606EE0}.CD_ROM|x86.Build.0 = Release|x86
		{5B4293F8-6C20-4D4A-9FC4-110A08606EE0}.Debug|Any CPU.ActiveCfg = Debug|Any CPU
		{5B4293F8-6C20-4D4A-9FC4-110A08606EE0}.Debug|Any CPU.Build.0 = Debug|Any CPU
		{5B4293F8-6C20-4D4A-9FC4-110A08606EE0}.Debug|Itanium.ActiveCfg = Debug|Any CPU
		{5B4293F8-6C20-4D4A-9FC4-110A08606EE0}.Debug|Itanium.Build.0 = Debug|Any CPU
		{5B4293F8-6C20-4D4A-9FC4-110A08606EE0}.Debug|Mixed Platforms.ActiveCfg = Debug|x86
		{5B4293F8-6C20-4D4A-9FC4-110A08606EE0}.Debug|Mixed Platforms.Build.0 = Debug|x86
		{5B4293F8-6C20-4D4A-9FC4-110A08606EE0}.Debug|x64.ActiveCfg = Debug|Any CPU
		{5B4293F8-6C20-4D4A-9FC4-110A08606EE0}.Debug|x64.Build.0 = Debug|Any CPU
		{5B4293F8-6C20-4D4A-9FC4-110A08606EE0}.Debug|x86.ActiveCfg = Debug|x86
		{5B4293F8-6C20-4D4A-9FC4-110A08606EE0}.Debug|x86.Build.0 = Debug|x86
		{5B4293F8-6C20-4D4A-9FC4-110A08606EE0}.Release|Any CPU.ActiveCfg = Release|Any CPU
		{5B4293F8-6C20-4D4A-9FC4-110A08606EE0}.Release|Any CPU.Build.0 = Release|Any CPU
		{5B4293F8-6C20-4D4A-9FC4-110A08606EE0}.Release|Itanium.ActiveCfg = Release|Any CPU
		{5B4293F8-6C20-4D4A-9FC4-110A08606EE0}.Release|Itanium.Build.0 = Release|Any CPU
		{5B4293F8-6C20-4D4A-9FC4-110A08606EE0}.Release|Mixed Platforms.ActiveCfg = Release|x86
		{5B4293F8-6C20-4D4A-9FC4-110A08606EE0}.Release|Mixed Platforms.Build.0 = Release|x86
		{5B4293F8-6C20-4D4A-9FC4-110A08606EE0}.Release|x64.ActiveCfg = Release|Any CPU
		{5B4293F8-6C20-4D4A-9FC4-110A08606EE0}.Release|x64.Build.0 = Release|Any CPU
		{5B4293F8-6C20-4D4A-9FC4-110A08606EE0}.Release|x86.ActiveCfg = Release|x86
		{5B4293F8-6C20-4D4A-9FC4-110A08606EE0}.Release|x86.Build.0 = Release|x86
		{24240F96-FBAC-4F2A-B70D-B008297E6BE3}.CD_ROM|Any CPU.ActiveCfg = Release|Any CPU
		{24240F96-FBAC-4F2A-B70D-B008297E6BE3}.CD_ROM|Any CPU.Build.0 = Release|Any CPU
		{24240F96-FBAC-4F2A-B70D-B008297E6BE3}.CD_ROM|Itanium.ActiveCfg = Release|Any CPU
		{24240F96-FBAC-4F2A-B70D-B008297E6BE3}.CD_ROM|Itanium.Build.0 = Release|Any CPU
		{24240F96-FBAC-4F2A-B70D-B008297E6BE3}.CD_ROM|Mixed Platforms.ActiveCfg = Release|x86
		{24240F96-FBAC-4F2A-B70D-B008297E6BE3}.CD_ROM|Mixed Platforms.Build.0 = Release|x86
		{24240F96-FBAC-4F2A-B70D-B008297E6BE3}.CD_ROM|x64.ActiveCfg = Release|Any CPU
		{24240F96-FBAC-4F2A-B70D-B008297E6BE3}.CD_ROM|x64.Build.0 = Release|Any CPU
		{24240F96-FBAC-4F2A-B70D-B008297E6BE3}.CD_ROM|x86.ActiveCfg = Release|x86
		{24240F96-FBAC-4F2A-B70D-B008297E6BE3}.CD_ROM|x86.Build.0 = Release|x86
		{24240F96-FBAC-4F2A-B70D-B008297E6BE3}.Debug|Any CPU.ActiveCfg = Debug|Any CPU
		{24240F96-FBAC-4F2A-B70D-B008297E6BE3}.Debug|Any CPU.Build.0 = Debug|Any CPU
		{24240F96-FBAC-4F2A-B70D-B008297E6BE3}.Debug|Itanium.ActiveCfg = Debug|Any CPU
		{24240F96-FBAC-4F2A-B70D-B008297E6BE3}.Debug|Itanium.Build.0 = Debug|Any CPU
		{24240F96-FBAC-4F2A-B70D-B008297E6BE3}.Debug|Mixed Platforms.ActiveCfg = Debug|Any CPU
		{24240F96-FBAC-4F2A-B70D-B008297E6BE3}.Debug|Mixed Platforms.Build.0 = Debug|Any CPU
		{24240F96-FBAC-4F2A-B70D-B008297E6BE3}.Debug|x64.ActiveCfg = Debug|Any CPU
		{24240F96-FBAC-4F2A-B70D-B008297E6BE3}.Debug|x64.Build.0 = Debug|Any CPU
		{24240F96-FBAC-4F2A-B70D-B008297E6BE3}.Debug|x86.ActiveCfg = Debug|x86
		{24240F96-FBAC-4F2A-B70D-B008297E6BE3}.Debug|x86.Build.0 = Debug|x86
		{24240F96-FBAC-4F2A-B70D-B008297E6BE3}.Release|Any CPU.ActiveCfg = Release|Any CPU
		{24240F96-FBAC-4F2A-B70D-B008297E6BE3}.Release|Any CPU.Build.0 = Release|Any CPU
		{24240F96-FBAC-4F2A-B70D-B008297E6BE3}.Release|Itanium.ActiveCfg = Release|Any CPU
		{24240F96-FBAC-4F2A-B70D-B008297E6BE3}.Release|Itanium.Build.0 = Release|Any CPU
		{24240F96-FBAC-4F2A-B70D-B008297E6BE3}.Release|Mixed Platforms.ActiveCfg = Release|x86
		{24240F96-FBAC-4F2A-B70D-B008297E6BE3}.Release|Mixed Platforms.Build.0 = Release|x86
		{24240F96-FBAC-4F2A-B70D-B008297E6BE3}.Release|x64.ActiveCfg = Release|Any CPU
		{24240F96-FBAC-4F2A-B70D-B008297E6BE3}.Release|x64.Build.0 = Release|Any CPU
		{24240F96-FBAC-4F2A-B70D-B008297E6BE3}.Release|x86.ActiveCfg = Release|x86
		{24240F96-FBAC-4F2A-B70D-B008297E6BE3}.Release|x86.Build.0 = Release|x86
		{FE76268D-FFFC-4113-8AF2-3CA56836CC81}.CD_ROM|Any CPU.ActiveCfg = Release|Any CPU
		{FE76268D-FFFC-4113-8AF2-3CA56836CC81}.CD_ROM|Any CPU.Build.0 = Release|Any CPU
		{FE76268D-FFFC-4113-8AF2-3CA56836CC81}.CD_ROM|Itanium.ActiveCfg = Release|Any CPU
		{FE76268D-FFFC-4113-8AF2-3CA56836CC81}.CD_ROM|Itanium.Build.0 = Release|Any CPU
		{FE76268D-FFFC-4113-8AF2-3CA56836CC81}.CD_ROM|Mixed Platforms.ActiveCfg = Release|x86
		{FE76268D-FFFC-4113-8AF2-3CA56836CC81}.CD_ROM|Mixed Platforms.Build.0 = Release|x86
		{FE76268D-FFFC-4113-8AF2-3CA56836CC81}.CD_ROM|x64.ActiveCfg = Release|Any CPU
		{FE76268D-FFFC-4113-8AF2-3CA56836CC81}.CD_ROM|x64.Build.0 = Release|Any CPU
		{FE76268D-FFFC-4113-8AF2-3CA56836CC81}.CD_ROM|x86.ActiveCfg = Release|x86
		{FE76268D-FFFC-4113-8AF2-3CA56836CC81}.CD_ROM|x86.Build.0 = Release|x86
		{FE76268D-FFFC-4113-8AF2-3CA56836CC81}.Debug|Any CPU.ActiveCfg = Debug|Any CPU
		{FE76268D-FFFC-4113-8AF2-3CA56836CC81}.Debug|Any CPU.Build.0 = Debug|Any CPU
		{FE76268D-FFFC-4113-8AF2-3CA56836CC81}.Debug|Itanium.ActiveCfg = Debug|Any CPU
		{FE76268D-FFFC-4113-8AF2-3CA56836CC81}.Debug|Itanium.Build.0 = Debug|Any CPU
		{FE76268D-FFFC-4113-8AF2-3CA56836CC81}.Debug|Mixed Platforms.ActiveCfg = Debug|x86
		{FE76268D-FFFC-4113-8AF2-3CA56836CC81}.Debug|Mixed Platforms.Build.0 = Debug|x86
		{FE76268D-FFFC-4113-8AF2-3CA56836CC81}.Debug|x64.ActiveCfg = Debug|Any CPU
		{FE76268D-FFFC-4113-8AF2-3CA56836CC81}.Debug|x64.Build.0 = Debug|Any CPU
		{FE76268D-FFFC-4113-8AF2-3CA56836CC81}.Debug|x86.ActiveCfg = Debug|x86
		{FE76268D-FFFC-4113-8AF2-3CA56836CC81}.Debug|x86.Build.0 = Debug|x86
		{FE76268D-FFFC-4113-8AF2-3CA56836CC81}.Release|Any CPU.ActiveCfg = Release|Any CPU
		{FE76268D-FFFC-4113-8AF2-3CA56836CC81}.Release|Any CPU.Build.0 = Release|Any CPU
		{FE76268D-FFFC-4113-8AF2-3CA56836CC81}.Release|Itanium.ActiveCfg = Release|Any CPU
		{FE76268D-FFFC-4113-8AF2-3CA56836CC81}.Release|Itanium.Build.0 = Release|Any CPU
		{FE76268D-FFFC-4113-8AF2-3CA56836CC81}.Release|Mixed Platforms.ActiveCfg = Release|x86
		{FE76268D-FFFC-4113-8AF2-3CA56836CC81}.Release|Mixed Platforms.Build.0 = Release|x86
		{FE76268D-FFFC-4113-8AF2-3CA56836CC81}.Release|x64.ActiveCfg = Release|Any CPU
		{FE76268D-FFFC-4113-8AF2-3CA56836CC81}.Release|x64.Build.0 = Release|Any CPU
		{FE76268D-FFFC-4113-8AF2-3CA56836CC81}.Release|x86.ActiveCfg = Release|x86
		{FE76268D-FFFC-4113-8AF2-3CA56836CC81}.Release|x86.Build.0 = Release|x86
		{18335A03-E602-43BE-87C7-C3D2C9ED5193}.CD_ROM|Any CPU.ActiveCfg = Release|Any CPU
		{18335A03-E602-43BE-87C7-C3D2C9ED5193}.CD_ROM|Any CPU.Build.0 = Release|Any CPU
		{18335A03-E602-43BE-87C7-C3D2C9ED5193}.CD_ROM|Itanium.ActiveCfg = Release|Any CPU
		{18335A03-E602-43BE-87C7-C3D2C9ED5193}.CD_ROM|Itanium.Build.0 = Release|Any CPU
		{18335A03-E602-43BE-87C7-C3D2C9ED5193}.CD_ROM|Mixed Platforms.ActiveCfg = Release|x86
		{18335A03-E602-43BE-87C7-C3D2C9ED5193}.CD_ROM|Mixed Platforms.Build.0 = Release|x86
		{18335A03-E602-43BE-87C7-C3D2C9ED5193}.CD_ROM|x64.ActiveCfg = Release|Any CPU
		{18335A03-E602-43BE-87C7-C3D2C9ED5193}.CD_ROM|x64.Build.0 = Release|Any CPU
		{18335A03-E602-43BE-87C7-C3D2C9ED5193}.CD_ROM|x86.ActiveCfg = Release|x86
		{18335A03-E602-43BE-87C7-C3D2C9ED5193}.CD_ROM|x86.Build.0 = Release|x86
		{18335A03-E602-43BE-87C7-C3D2C9ED5193}.Debug|Any CPU.ActiveCfg = Debug|Any CPU
		{18335A03-E602-43BE-87C7-C3D2C9ED5193}.Debug|Any CPU.Build.0 = Debug|Any CPU
		{18335A03-E602-43BE-87C7-C3D2C9ED5193}.Debug|Itanium.ActiveCfg = Debug|Any CPU
		{18335A03-E602-43BE-87C7-C3D2C9ED5193}.Debug|Itanium.Build.0 = Debug|Any CPU
		{18335A03-E602-43BE-87C7-C3D2C9ED5193}.Debug|Mixed Platforms.ActiveCfg = Debug|x86
		{18335A03-E602-43BE-87C7-C3D2C9ED5193}.Debug|Mixed Platforms.Build.0 = Debug|x86
		{18335A03-E602-43BE-87C7-C3D2C9ED5193}.Debug|x64.ActiveCfg = Debug|Any CPU
		{18335A03-E602-43BE-87C7-C3D2C9ED5193}.Debug|x64.Build.0 = Debug|Any CPU
		{18335A03-E602-43BE-87C7-C3D2C9ED5193}.Debug|x86.ActiveCfg = Debug|x86
		{18335A03-E602-43BE-87C7-C3D2C9ED5193}.Debug|x86.Build.0 = Debug|x86
		{18335A03-E602-43BE-87C7-C3D2C9ED5193}.Release|Any CPU.ActiveCfg = Release|Any CPU
		{18335A03-E602-43BE-87C7-C3D2C9ED5193}.Release|Any CPU.Build.0 = Release|Any CPU
		{18335A03-E602-43BE-87C7-C3D2C9ED5193}.Release|Itanium.ActiveCfg = Release|Any CPU
		{18335A03-E602-43BE-87C7-C3D2C9ED5193}.Release|Itanium.Build.0 = Release|Any CPU
		{18335A03-E602-43BE-87C7-C3D2C9ED5193}.Release|Mixed Platforms.ActiveCfg = Release|x86
		{18335A03-E602-43BE-87C7-C3D2C9ED5193}.Release|Mixed Platforms.Build.0 = Release|x86
		{18335A03-E602-43BE-87C7-C3D2C9ED5193}.Release|x64.ActiveCfg = Release|Any CPU
		{18335A03-E602-43BE-87C7-C3D2C9ED5193}.Release|x64.Build.0 = Release|Any CPU
		{18335A03-E602-43BE-87C7-C3D2C9ED5193}.Release|x86.ActiveCfg = Release|x86
		{18335A03-E602-43BE-87C7-C3D2C9ED5193}.Release|x86.Build.0 = Release|x86
	EndGlobalSection
	GlobalSection(SolutionProperties) = preSolution
		HideSolutionNode = FALSE
	EndGlobalSection
	GlobalSection(ExtensibilityGlobals) = postSolution
		SolutionGuid = {515DBBE4-5E41-4135-A4A9-2181461522F2}
	EndGlobalSection
EndGlobal
